// !$*UTF8*$!
{
	archiveVersion = 1;
	classes = {
	};
	objectVersion = 46;
	objects = {

/* Begin PBXBuildFile section */
		D39A7EB31A19D20900A652E2 /* main.m in Sources */ = {isa = PBXBuildFile; fileRef = D39A7EB21A19D20900A652E2 /* main.m */; };
		D39A7EB61A19D20900A652E2 /* AppDelegate.m in Sources */ = {isa = PBXBuildFile; fileRef = D39A7EB51A19D20900A652E2 /* AppDelegate.m */; };
		D39A7EB91A19D20900A652E2 /* ViewController.m in Sources */ = {isa = PBXBuildFile; fileRef = D39A7EB81A19D20900A652E2 /* ViewController.m */; };
		D39A7EBC1A19D20900A652E2 /* Main.storyboard in Resources */ = {isa = PBXBuildFile; fileRef = D39A7EBA1A19D20900A652E2 /* Main.storyboard */; };
		D39A7EBE1A19D20900A652E2 /* Images.xcassets in Resources */ = {isa = PBXBuildFile; fileRef = D39A7EBD1A19D20900A652E2 /* Images.xcassets */; };
		D39A7EC11A19D20900A652E2 /* LaunchScreen.xib in Resources */ = {isa = PBXBuildFile; fileRef = D39A7EBF1A19D20900A652E2 /* LaunchScreen.xib */; };
		D39A7ECD1A19D20900A652E2 /* UILocalNotificationDemoTests.m in Sources */ = {isa = PBXBuildFile; fileRef = D39A7ECC1A19D20900A652E2 /* UILocalNotificationDemoTests.m */; };
/* End PBXBuildFile section */

/* Begin PBXContainerItemProxy section */
		D39A7EC71A19D20900A652E2 /* PBXContainerItemProxy */ = {
			isa = PBXContainerItemProxy;
			containerPortal = D39A7EA51A19D20900A652E2 /* Project object */;
			proxyType = 1;
			remoteGlobalIDString = D39A7EAC1A19D20900A652E2;
			remoteInfo = UILocalNotificationDemo;
		};
/* End PBXContainerItemProxy section */

/* Begin PBXFileReference section */
		D39A7EAD1A19D20900A652E2 /* UILocalNotificationDemo.app */ = {isa = PBXFileReference; explicitFileType = wrapper.application; includeInIndex = 0; path = UILocalNotificationDemo.app; sourceTree = BUILT_PRODUCTS_DIR; };
		D39A7EB11A19D20900A652E2 /* Info.plist */ = {isa = PBXFileReference; lastKnownFileType = text.plist.xml; path = Info.plist; sourceTree = "<group>"; };
		D39A7EB21A19D20900A652E2 /* main.m */ = {isa = PBXFileReference; lastKnownFileType = sourcecode.c.objc; path = main.m; sourceTree = "<group>"; };
		D39A7EB41A19D20900A652E2 /* AppDelegate.h */ = {isa = PBXFileReference; lastKnownFileType = sourcecode.c.h; path = AppDelegate.h; sourceTree = "<group>"; };
		D39A7EB51A19D20900A652E2 /* AppDelegate.m */ = {isa = PBXFileReference; lastKnownFileType = sourcecode.c.objc; path = AppDelegate.m; sourceTree = "<group>"; };
		D39A7EB71A19D20900A652E2 /* ViewController.h */ = {isa = PBXFileReference; lastKnownFileType = sourcecode.c.h; path = ViewController.h; sourceTree = "<group>"; };
		D39A7EB81A19D20900A652E2 /* ViewController.m */ = {isa = PBXFileReference; lastKnownFileType = sourcecode.c.objc; path = ViewController.m; sourceTree = "<group>"; };
		D39A7EBB1A19D20900A652E2 /* Base */ = {isa = PBXFileReference; lastKnownFileType = file.storyboard; name = Base; path = Base.lproj/Main.storyboard; sourceTree = "<group>"; };
		D39A7EBD1A19D20900A652E2 /* Images.xcassets */ = {isa = PBXFileReference; lastKnownFileType = folder.assetcatalog; path = Images.xcassets; sourceTree = "<group>"; };
		D39A7EC01A19D20900A652E2 /* Base */ = {isa = PBXFileReference; lastKnownFileType = file.xib; name = Base; path = Base.lproj/LaunchScreen.xib; sourceTree = "<group>"; };
		D39A7EC61A19D20900A652E2 /* UILocalNotificationDemoTests.xctest */ = {isa = PBXFileReference; explicitFileType = wrapper.cfbundle; includeInIndex = 0; path = UILocalNotificationDemoTests.xctest; sourceTree = BUILT_PRODUCTS_DIR; };
		D39A7ECB1A19D20900A652E2 /* Info.plist */ = {isa = PBXFileReference; lastKnownFileType = text.plist.xml; path = Info.plist; sourceTree = "<group>"; };
		D39A7ECC1A19D20900A652E2 /* UILocalNotificationDemoTests.m */ = {isa = PBXFileReference; lastKnownFileType = sourcecode.c.objc; path = UILocalNotificationDemoTests.m; sourceTree = "<group>"; };
/* End PBXFileReference section */

/* Begin PBXFrameworksBuildPhase section */
		D39A7EAA1A19D20900A652E2 /* Frameworks */ = {
			isa = PBXFrameworksBuildPhase;
			buildActionMask = 2147483647;
			files = (
			);
			runOnlyForDeploymentPostprocessing = 0;
		};
		D39A7EC31A19D20900A652E2 /* Frameworks */ = {
			isa = PBXFrameworksBuildPhase;
			buildActionMask = 2147483647;
			files = (
			);
			runOnlyForDeploymentPostprocessing = 0;
		};
/* End PBXFrameworksBuildPhase section */

/* Begin PBXGroup section */
		D39A7EA41A19D20900A652E2 = {
			isa = PBXGroup;
			children = (
				D39A7EAF1A19D20900A652E2 /* UILocalNotificationDemo */,
				D39A7EC91A19D20900A652E2 /* UILocalNotificationDemoTests */,
				D39A7EAE1A19D20900A652E2 /* Products */,
			);
			sourceTree = "<group>";
		};
		D39A7EAE1A19D20900A652E2 /* Products */ = {
			isa = PBXGroup;
			children = (
				D39A7EAD1A19D20900A652E2 /* UILocalNotificationDemo.app */,
				D39A7EC61A19D20900A652E2 /* UILocalNotificationDemoTests.xctest */,
			);
			name = Products;
			sourceTree = "<group>";
		};
		D39A7EAF1A19D20900A652E2 /* UILocalNotificationDemo */ = {
			isa = PBXGroup;
			children = (
				D39A7EB41A19D20900A652E2 /* AppDelegate.h */,
				D39A7EB51A19D20900A652E2 /* AppDelegate.m */,
				D39A7EB71A19D20900A652E2 /* ViewController.h */,
				D39A7EB81A19D20900A652E2 /* ViewController.m */,
				D39A7EBA1A19D20900A652E2 /* Main.storyboard */,
				D39A7EBD1A19D20900A652E2 /* Images.xcassets */,
				D39A7EBF1A19D20900A652E2 /* LaunchScreen.xib */,
				D39A7EB01A19D20900A652E2 /* Supporting Files */,
			);
			path = UILocalNotificationDemo;
			sourceTree = "<group>";
		};
		D39A7EB01A19D20900A652E2 /* Supporting Files */ = {
			isa = PBXGroup;
			children = (
				D39A7EB11A19D20900A652E2 /* Info.plist */,
				D39A7EB21A19D20900A652E2 /* main.m */,
			);
			name = "Supporting Files";
			sourceTree = "<group>";
		};
		D39A7EC91A19D20900A652E2 /* UILocalNotificationDemoTests */ = {
			isa = PBXGroup;
			children = (
				D39A7ECC1A19D20900A652E2 /* UILocalNotificationDemoTests.m */,
				D39A7ECA1A19D20900A652E2 /* Supporting Files */,
			);
			path = UILocalNotificationDemoTests;
			sourceTree = "<group>";
		};
		D39A7ECA1A19D20900A652E2 /* Supporting Files */ = {
			isa = PBXGroup;
			children = (
				D39A7ECB1A19D20900A652E2 /* Info.plist */,
			);
			name = "Supporting Files";
			sourceTree = "<group>";
		};
/* End PBXGroup section */

/* Begin PBXNativeTarget section */
		D39A7EAC1A19D20900A652E2 /* UILocalNotificationDemo */ = {
			isa = PBXNativeTarget;
			buildConfigurationList = D39A7ED01A19D20900A652E2 /* Build configuration list for PBXNativeTarget "UILocalNotificationDemo" */;
			buildPhases = (
				D39A7EA91A19D20900A652E2 /* Sources */,
				D39A7EAA1A19D20900A652E2 /* Frameworks */,
				D39A7EAB1A19D20900A652E2 /* Resources */,
			);
			buildRules = (
			);
			dependencies = (
			);
			name = UILocalNotificationDemo;
			productName = UILocalNotificationDemo;
			productReference = D39A7EAD1A19D20900A652E2 /* UILocalNotificationDemo.app */;
			productType = "com.apple.product-type.application";
		};
		D39A7EC51A19D20900A652E2 /* UILocalNotificationDemoTests */ = {
			isa = PBXNativeTarget;
			buildConfigurationList = D39A7ED31A19D20900A652E2 /* Build configuration list for PBXNativeTarget "UILocalNotificationDemoTests" */;
			buildPhases = (
				D39A7EC21A19D20900A652E2 /* Sources */,
				D39A7EC31A19D20900A652E2 /* Frameworks */,
				D39A7EC41A19D20900A652E2 /* Resources */,
			);
			buildRules = (
			);
			dependencies = (
				D39A7EC81A19D20900A652E2 /* PBXTargetDependency */,
			);
			name = UILocalNotificationDemoTests;
			productName = UILocalNotificationDemoTests;
			productReference = D39A7EC61A19D20900A652E2 /* UILocalNotificationDemoTests.xctest */;
			productType = "com.apple.product-type.bundle.unit-test";
		};
/* End PBXNativeTarget section */

/* Begin PBXProject section */
		D39A7EA51A19D20900A652E2 /* Project object */ = {
			isa = PBXProject;
			attributes = {
				LastUpgradeCheck = 0610;
				ORGANIZATIONNAME = xidanjueying;
				TargetAttributes = {
					D39A7EAC1A19D20900A652E2 = {
						CreatedOnToolsVersion = 6.1;
					};
					D39A7EC51A19D20900A652E2 = {
						CreatedOnToolsVersion = 6.1;
						TestTargetID = D39A7EAC1A19D20900A652E2;
					};
				};
			};
			buildConfigurationList = D39A7EA81A19D20900A652E2 /* Build configuration list for PBXProject "UILocalNotificationDemo" */;
			compatibilityVersion = "Xcode 3.2";
			developmentRegion = English;
			hasScannedForEncodings = 0;
			knownRegions = (
				en,
				Base,
			);
			mainGroup = D39A7EA41A19D20900A652E2;
			productRefGroup = D39A7EAE1A19D20900A652E2 /* Products */;
			projectDirPath = "";
			projectRoot = "";
			targets = (
				D39A7EAC1A19D20900A652E2 /* UILocalNotificationDemo */,
				D39A7EC51A19D20900A652E2 /* UILocalNotificationDemoTests */,
			);
		};
/* End PBXProject section */

/* Begin PBXResourcesBuildPhase section */
		D39A7EAB1A19D20900A652E2 /* Resources */ = {
			isa = PBXResourcesBuildPhase;
			buildActionMask = 2147483647;
			files = (
				D39A7EBC1A19D20900A652E2 /* Main.storyboard in Resources */,
				D39A7EC11A19D20900A652E2 /* LaunchScreen.xib in Resources */,
				D39A7EBE1A19D20900A652E2 /* Images.xcassets in Resources */,
			);
			runOnlyForDeploymentPostprocessing = 0;
		};
		D39A7EC41A19D20900A652E2 /* Resources */ = {
			isa = PBXResourcesBuildPhase;
			buildActionMask = 2147483647;
			files = (
			);
			runOnlyForDeploymentPostprocessing = 0;
		};
/* End PBXResourcesBuildPhase section */

/* Begin PBXSourcesBuildPhase section */
		D39A7EA91A19D20900A652E2 /* Sources */ = {
			isa = PBXSourcesBuildPhase;
			buildActionMask = 2147483647;
			files = (
				D39A7EB91A19D20900A652E2 /* ViewController.m in Sources */,
				D39A7EB61A19D20900A652E2 /* AppDelegate.m in Sources */,
				D39A7EB31A19D20900A652E2 /* main.m in Sources */,
			);
			runOnlyForDeploymentPostprocessing = 0;
		};
		D39A7EC21A19D20900A652E2 /* Sources */ = {
			isa = PBXSourcesBuildPhase;
			buildActionMask = 2147483647;
			files = (
				D39A7ECD1A19D20900A652E2 /* UILocalNotificationDemoTests.m in Sources */,
			);
			runOnlyForDeploymentPostprocessing = 0;
		};
/* End PBXSourcesBuildPhase section */

/* Begin PBXTargetDependency section */
		D39A7EC81A19D20900A652E2 /* PBXTargetDependency */ = {
			isa = PBXTargetDependency;
			target = D39A7EAC1A19D20900A652E2 /* UILocalNotificationDemo */;
			targetProxy = D39A7EC71A19D20900A652E2 /* PBXContainerItemProxy */;
		};
/* End PBXTargetDependency section */

/* Begin PBXVariantGroup section */
		D39A7EBA1A19D20900A652E2 /* Main.storyboard */ = {
			isa = PBXVariantGroup;
			children = (
				D39A7EBB1A19D20900A652E2 /* Base */,
			);
			name = Main.storyboard;
			sourceTree = "<group>";
		};
		D39A7EBF1A19D20900A652E2 /* LaunchScreen.xib */ = {
			isa = PBXVariantGroup;
			children = (
				D39A7EC01A19D20900A652E2 /* Base */,
			);
			name = LaunchScreen.xib;
			sourceTree = "<group>";
		};
/* End PBXVariantGroup section */

/* Begin XCBuildConfiguration section */
		D39A7ECE1A19D20900A652E2 /* Debug */ = {
			isa = XCBuildConfiguration;
			buildSettings = {
				ALWAYS_SEARCH_USER_PATHS = NO;
				CLANG_CXX_LANGUAGE_STANDARD = "gnu++0x";
				CLANG_CXX_LIBRARY = "libc++";
				CLANG_ENABLE_MODULES = YES;
				CLANG_ENABLE_OBJC_ARC = YES;
				CLANG_WARN_BOOL_CONVERSION = YES;
				CLANG_WARN_CONSTANT_CONVERSION = YES;
				CLANG_WARN_DIRECT_OBJC_ISA_USAGE = YES_ERROR;
				CLANG_WARN_EMPTY_BODY = YES;
				CLANG_WARN_ENUM_CONVERSION = YES;
				CLANG_WARN_INT_CONVERSION = YES;
				CLANG_WARN_OBJC_ROOT_CLASS = YES_ERROR;
				CLANG_WARN_UNREACHABLE_CODE = YES;
				CLANG_WARN__DUPLICATE_METHOD_MATCH = YES;
				"CODE_SIGN_IDENTITY[sdk=iphoneos*]" = "iPhone Developer";
				COPY_PHASE_STRIP = NO;
				ENABLE_STRICT_OBJC_MSGSEND = YES;
				GCC_C_LANGUAGE_STANDARD = gnu99;
				GCC_DYNAMIC_NO_PIC = NO;
				GCC_OPTIMIZATION_LEVEL = 0;
				GCC_PREPROCESSOR_DEFINITIONS = (
					"DEBUG=1",
					"$(inherited)",
				);
				GCC_SYMBOLS_PRIVATE_EXTERN = NO;
				GCC_WARN_64_TO_32_BIT_CONVERSION = YES;
				GCC_WARN_ABOUT_RETURN_TYPE = YES_ERROR;
				GCC_WARN_UNDECLARED_SELECTOR = YES;
				GCC_WARN_UNINITIALIZED_AUTOS = YES_AGGRESSIVE;
				GCC_WARN_UNUSED_FUNCTION = YES;
				GCC_WARN_UNUSED_VARIABLE = YES;
				IPHONEOS_DEPLOYMENT_TARGET = 8.1;
				MTL_ENABLE_DEBUG_INFO = YES;
				ONLY_ACTIVE_ARCH = YES;
				SDKROOT = iphoneos;
			};
			name = Debug;
		};
		D39A7ECF1A19D20900A652E2 /* Release */ = {
			isa = XCBuildConfiguration;
			buildSettings = {
				ALWAYS_SEARCH_USER_PATHS = NO;
				CLANG_CXX_LANGUAGE_STANDARD = "gnu++0x";
				CLANG_CXX_LIBRARY = "libc++";
				CLANG_ENABLE_MODULES = YES;
				CLANG_ENABLE_OBJC_ARC = YES;
				CLANG_WARN_BOOL_CONVERSION = YES;
				CLANG_WARN_CONSTANT_CONVERSION = YES;
				CLANG_WARN_DIRECT_OBJC_ISA_USAGE = YES_ERROR;
				CLANG_WARN_EMPTY_BODY = YES;
				CLANG_WARN_ENUM_CONVERSION = YES;
				CLANG_WARN_INT_CONVERSION = YES;
				CLANG_WARN_OBJC_ROOT_CLASS = YES_ERROR;
				CLANG_WARN_UNREACHABLE_CODE = YES;
				CLANG_WARN__DUPLICATE_METHOD_MATCH = YES;
				"CODE_SIGN_IDENTITY[sdk=iphoneos*]" = "iPhone Developer";
				COPY_PHASE_STRIP = YES;
				ENABLE_NS_ASSERTIONS = NO;
				ENABLE_STRICT_OBJC_MSGSEND = YES;
				GCC_C_LANGUAGE_STANDARD = gnu99;
				GCC_WARN_64_TO_32_BIT_CONVERSION = YES;
				GCC_WARN_ABOUT_RETURN_TYPE = YES_ERROR;
				GCC_WARN_UNDECLARED_SELECTOR = YES;
				GCC_WARN_UNINITIALIZED_AUTOS = YES_AGGRESSIVE;
				GCC_WARN_UNUSED_FUNCTION = YES;
				GCC_WARN_UNUSED_VARIABLE = YES;
				IPHONEOS_DEPLOYMENT_TARGET = 8.1;
				MTL_ENABLE_DEBUG_INFO = NO;
				SDKROOT = iphoneos;
				VALIDATE_PRODUCT = YES;
			};
			name = Release;
		};
		D39A7ED11A19D20900A652E2 /* Debug */ = {
			isa = XCBuildConfiguration;
			buildSettings = {
				ASSETCATALOG_COMPILER_APPICON_NAME = AppIcon;
				INFOPLIST_FILE = UILocalNotificationDemo/Info.plist;
				LD_RUNPATH_SEARCH_PATHS = "$(inherited) @executable_path/Frameworks";
				PRODUCT_NAME = "$(TARGET_NAME)";
			};
			name = Debug;
		};
		D39A7ED21A19D20900A652E2 /* Release */ = {
			isa = XCBuildConfiguration;
			buildSettings = {
				ASSETCATALOG_COMPILER_APPICON_NAME = AppIcon;
				INFOPLIST_FILE = UILocalNotificationDemo/Info.plist;
				LD_RUNPATH_SEARCH_PATHS = "$(inherited) @executable_path/Frameworks";
				PRODUCT_NAME = "$(TARGET_NAME)";
			};
			name = Release;
		};
		D39A7ED41A19D20900A652E2 /* Debug */ = {
			isa = XCBuildConfiguration;
			buildSettings = {
				BUNDLE_LOADER = "$(TEST_HOST)";
				FRAMEWORK_SEARCH_PATHS = (
					"$(SDKROOT)/Developer/Library/Frameworks",
					"$(inherited)",
				);
				GCC_PREPROCESSOR_DEFINITIONS = (
					"DEBUG=1",
					"$(inherited)",
				);
				INFOPLIST_FILE = UILocalNotificationDemoTests/Info.plist;
				LD_RUNPATH_SEARCH_PATHS = "$(inherited) @executable_path/Frameworks @loader_path/Frameworks";
				PRODUCT_NAME = "$(TARGET_NAME)";
				TEST_HOST = "$(BUILT_PRODUCTS_DIR)/UILocalNotificationDemo.app/UILocalNotificationDemo";
			};
			name = Debug;
		};
		D39A7ED51A19D20900A652E2 /* Release */ = {
			isa = XCBuildConfiguration;
			buildSettings = {
				BUNDLE_LOADER = "$(TEST_HOST)";
				FRAMEWORK_SEARCH_PATHS = (
					"$(SDKROOT)/Developer/Library/Frameworks",
					"$(inherited)",
				);
				INFOPLIST_FILE = UILocalNotificationDemoTests/Info.plist;
				LD_RUNPATH_SEARCH_PATHS = "$(inherited) @executable_path/Frameworks @loader_path/Frameworks";
				PRODUCT_NAME = "$(TARGET_NAME)";
				TEST_HOST = "$(BUILT_PRODUCTS_DIR)/UILocalNotificationDemo.app/UILocalNotificationDemo";
			};
			name = Release;
		};
/* End XCBuildConfiguration section */

/* Begin XCConfigurationList section */
		D39A7EA81A19D20900A652E2 /* Build configuration list for PBXProject "UILocalNotificationDemo" */ = {
			isa = XCConfigurationList;
			buildConfigurations = (
				D39A7ECE1A19D20900A652E2 /* Debug */,
				D39A7ECF1A19D20900A652E2 /* Release */,
			);
			defaultConfigurationIsVisible = 0;
			defaultConfigurationName = Release;
		};
		D39A7ED01A19D20900A652E2 /* Build configuration list for PBXNativeTarget "UILocalNotificationDemo" */ = {
			isa = XCConfigurationList;
			buildConfigurations = (
				D39A7ED11A19D20900A652E2 /* Debug */,
				D39A7ED21A19D20900A652E2 /* Release */,
			);
			defaultConfigurationIsVisible = 0;
		};
		D39A7ED31A19D20900A652E2 /* Build configuration list for PBXNativeTarget "UILocalNotificationDemoTests" */ = {
			isa = XCConfigurationList;
			buildConfigurations = (
				D39A7ED41A19D20900A652E2 /* Debug */,
				D39A7ED51A19D20900A652E2 /* Release */,
			);
			defaultConfigurationIsVisible = 0;
		};
/* End XCConfigurationList section */
	};
	rootObject = D39A7EA51A19D20900A652E2 /* Project object */;
}
