// !$*UTF8*$!
{
	archiveVersion = 1;
	classes = {
	};
	objectVersion = 46;
	objects = {

/* Begin PBXBuildFile section */
		D319895A1A21B00D0009B7CC /* main.m in Sources */ = {isa = PBXBuildFile; fileRef = D31989591A21B00D0009B7CC /* main.m */; };
		D319895D1A21B00D0009B7CC /* AppDelegate.m in Sources */ = {isa = PBXBuildFile; fileRef = D319895C1A21B00D0009B7CC /* AppDelegate.m */; };
		D31989601A21B00D0009B7CC /* ViewController.m in Sources */ = {isa = PBXBuildFile; fileRef = D319895F1A21B00D0009B7CC /* ViewController.m */; };
		D31989631A21B00D0009B7CC /* Main.storyboard in Resources */ = {isa = PBXBuildFile; fileRef = D31989611A21B00D0009B7CC /* Main.storyboard */; };
		D31989651A21B00D0009B7CC /* Images.xcassets in Resources */ = {isa = PBXBuildFile; fileRef = D31989641A21B00D0009B7CC /* Images.xcassets */; };
		D31989681A21B00D0009B7CC /* LaunchScreen.xib in Resources */ = {isa = PBXBuildFile; fileRef = D31989661A21B00D0009B7CC /* LaunchScreen.xib */; };
		D31989741A21B00D0009B7CC /* UIImagePickerControllerDemoTests.m in Sources */ = {isa = PBXBuildFile; fileRef = D31989731A21B00D0009B7CC /* UIImagePickerControllerDemoTests.m */; };
/* End PBXBuildFile section */

/* Begin PBXContainerItemProxy section */
		D319896E1A21B00D0009B7CC /* PBXContainerItemProxy */ = {
			isa = PBXContainerItemProxy;
			containerPortal = D319894C1A21B00D0009B7CC /* Project object */;
			proxyType = 1;
			remoteGlobalIDString = D31989531A21B00D0009B7CC;
			remoteInfo = UIImagePickerControllerDemo;
		};
/* End PBXContainerItemProxy section */

/* Begin PBXFileReference section */
		D31989541A21B00D0009B7CC /* UIImagePickerControllerDemo.app */ = {isa = PBXFileReference; explicitFileType = wrapper.application; includeInIndex = 0; path = UIImagePickerControllerDemo.app; sourceTree = BUILT_PRODUCTS_DIR; };
		D31989581A21B00D0009B7CC /* Info.plist */ = {isa = PBXFileReference; lastKnownFileType = text.plist.xml; path = Info.plist; sourceTree = "<group>"; };
		D31989591A21B00D0009B7CC /* main.m */ = {isa = PBXFileReference; lastKnownFileType = sourcecode.c.objc; path = main.m; sourceTree = "<group>"; };
		D319895B1A21B00D0009B7CC /* AppDelegate.h */ = {isa = PBXFileReference; lastKnownFileType = sourcecode.c.h; path = AppDelegate.h; sourceTree = "<group>"; };
		D319895C1A21B00D0009B7CC /* AppDelegate.m */ = {isa = PBXFileReference; lastKnownFileType = sourcecode.c.objc; path = AppDelegate.m; sourceTree = "<group>"; };
		D319895E1A21B00D0009B7CC /* ViewController.h */ = {isa = PBXFileReference; lastKnownFileType = sourcecode.c.h; path = ViewController.h; sourceTree = "<group>"; };
		D319895F1A21B00D0009B7CC /* ViewController.m */ = {isa = PBXFileReference; lastKnownFileType = sourcecode.c.objc; path = ViewController.m; sourceTree = "<group>"; };
		D31989621A21B00D0009B7CC /* Base */ = {isa = PBXFileReference; lastKnownFileType = file.storyboard; name = Base; path = Base.lproj/Main.storyboard; sourceTree = "<group>"; };
		D31989641A21B00D0009B7CC /* Images.xcassets */ = {isa = PBXFileReference; lastKnownFileType = folder.assetcatalog; path = Images.xcassets; sourceTree = "<group>"; };
		D31989671A21B00D0009B7CC /* Base */ = {isa = PBXFileReference; lastKnownFileType = file.xib; name = Base; path = Base.lproj/LaunchScreen.xib; sourceTree = "<group>"; };
		D319896D1A21B00D0009B7CC /* UIImagePickerControllerDemoTests.xctest */ = {isa = PBXFileReference; explicitFileType = wrapper.cfbundle; includeInIndex = 0; path = UIImagePickerControllerDemoTests.xctest; sourceTree = BUILT_PRODUCTS_DIR; };
		D31989721A21B00D0009B7CC /* Info.plist */ = {isa = PBXFileReference; lastKnownFileType = text.plist.xml; path = Info.plist; sourceTree = "<group>"; };
		D31989731A21B00D0009B7CC /* UIImagePickerControllerDemoTests.m */ = {isa = PBXFileReference; lastKnownFileType = sourcecode.c.objc; path = UIImagePickerControllerDemoTests.m; sourceTree = "<group>"; };
/* End PBXFileReference section */

/* Begin PBXFrameworksBuildPhase section */
		D31989511A21B00D0009B7CC /* Frameworks */ = {
			isa = PBXFrameworksBuildPhase;
			buildActionMask = 2147483647;
			files = (
			);
			runOnlyForDeploymentPostprocessing = 0;
		};
		D319896A1A21B00D0009B7CC /* Frameworks */ = {
			isa = PBXFrameworksBuildPhase;
			buildActionMask = 2147483647;
			files = (
			);
			runOnlyForDeploymentPostprocessing = 0;
		};
/* End PBXFrameworksBuildPhase section */

/* Begin PBXGroup section */
		D319894B1A21B00D0009B7CC = {
			isa = PBXGroup;
			children = (
				D31989561A21B00D0009B7CC /* UIImagePickerControllerDemo */,
				D31989701A21B00D0009B7CC /* UIImagePickerControllerDemoTests */,
				D31989551A21B00D0009B7CC /* Products */,
			);
			sourceTree = "<group>";
		};
		D31989551A21B00D0009B7CC /* Products */ = {
			isa = PBXGroup;
			children = (
				D31989541A21B00D0009B7CC /* UIImagePickerControllerDemo.app */,
				D319896D1A21B00D0009B7CC /* UIImagePickerControllerDemoTests.xctest */,
			);
			name = Products;
			sourceTree = "<group>";
		};
		D31989561A21B00D0009B7CC /* UIImagePickerControllerDemo */ = {
			isa = PBXGroup;
			children = (
				D319895B1A21B00D0009B7CC /* AppDelegate.h */,
				D319895C1A21B00D0009B7CC /* AppDelegate.m */,
				D319895E1A21B00D0009B7CC /* ViewController.h */,
				D319895F1A21B00D0009B7CC /* ViewController.m */,
				D31989611A21B00D0009B7CC /* Main.storyboard */,
				D31989641A21B00D0009B7CC /* Images.xcassets */,
				D31989661A21B00D0009B7CC /* LaunchScreen.xib */,
				D31989571A21B00D0009B7CC /* Supporting Files */,
			);
			path = UIImagePickerControllerDemo;
			sourceTree = "<group>";
		};
		D31989571A21B00D0009B7CC /* Supporting Files */ = {
			isa = PBXGroup;
			children = (
				D31989581A21B00D0009B7CC /* Info.plist */,
				D31989591A21B00D0009B7CC /* main.m */,
			);
			name = "Supporting Files";
			sourceTree = "<group>";
		};
		D31989701A21B00D0009B7CC /* UIImagePickerControllerDemoTests */ = {
			isa = PBXGroup;
			children = (
				D31989731A21B00D0009B7CC /* UIImagePickerControllerDemoTests.m */,
				D31989711A21B00D0009B7CC /* Supporting Files */,
			);
			path = UIImagePickerControllerDemoTests;
			sourceTree = "<group>";
		};
		D31989711A21B00D0009B7CC /* Supporting Files */ = {
			isa = PBXGroup;
			children = (
				D31989721A21B00D0009B7CC /* Info.plist */,
			);
			name = "Supporting Files";
			sourceTree = "<group>";
		};
/* End PBXGroup section */

/* Begin PBXNativeTarget section */
		D31989531A21B00D0009B7CC /* UIImagePickerControllerDemo */ = {
			isa = PBXNativeTarget;
			buildConfigurationList = D31989771A21B00D0009B7CC /* Build configuration list for PBXNativeTarget "UIImagePickerControllerDemo" */;
			buildPhases = (
				D31989501A21B00D0009B7CC /* Sources */,
				D31989511A21B00D0009B7CC /* Frameworks */,
				D31989521A21B00D0009B7CC /* Resources */,
			);
			buildRules = (
			);
			dependencies = (
			);
			name = UIImagePickerControllerDemo;
			productName = UIImagePickerControllerDemo;
			productReference = D31989541A21B00D0009B7CC /* UIImagePickerControllerDemo.app */;
			productType = "com.apple.product-type.application";
		};
		D319896C1A21B00D0009B7CC /* UIImagePickerControllerDemoTests */ = {
			isa = PBXNativeTarget;
			buildConfigurationList = D319897A1A21B00D0009B7CC /* Build configuration list for PBXNativeTarget "UIImagePickerControllerDemoTests" */;
			buildPhases = (
				D31989691A21B00D0009B7CC /* Sources */,
				D319896A1A21B00D0009B7CC /* Frameworks */,
				D319896B1A21B00D0009B7CC /* Resources */,
			);
			buildRules = (
			);
			dependencies = (
				D319896F1A21B00D0009B7CC /* PBXTargetDependency */,
			);
			name = UIImagePickerControllerDemoTests;
			productName = UIImagePickerControllerDemoTests;
			productReference = D319896D1A21B00D0009B7CC /* UIImagePickerControllerDemoTests.xctest */;
			productType = "com.apple.product-type.bundle.unit-test";
		};
/* End PBXNativeTarget section */

/* Begin PBXProject section */
		D319894C1A21B00D0009B7CC /* Project object */ = {
			isa = PBXProject;
			attributes = {
				LastUpgradeCheck = 0610;
				ORGANIZATIONNAME = xidanjueying;
				TargetAttributes = {
					D31989531A21B00D0009B7CC = {
						CreatedOnToolsVersion = 6.1;
					};
					D319896C1A21B00D0009B7CC = {
						CreatedOnToolsVersion = 6.1;
						TestTargetID = D31989531A21B00D0009B7CC;
					};
				};
			};
			buildConfigurationList = D319894F1A21B00D0009B7CC /* Build configuration list for PBXProject "UIImagePickerControllerDemo" */;
			compatibilityVersion = "Xcode 3.2";
			developmentRegion = English;
			hasScannedForEncodings = 0;
			knownRegions = (
				en,
				Base,
			);
			mainGroup = D319894B1A21B00D0009B7CC;
			productRefGroup = D31989551A21B00D0009B7CC /* Products */;
			projectDirPath = "";
			projectRoot = "";
			targets = (
				D31989531A21B00D0009B7CC /* UIImagePickerControllerDemo */,
				D319896C1A21B00D0009B7CC /* UIImagePickerControllerDemoTests */,
			);
		};
/* End PBXProject section */

/* Begin PBXResourcesBuildPhase section */
		D31989521A21B00D0009B7CC /* Resources */ = {
			isa = PBXResourcesBuildPhase;
			buildActionMask = 2147483647;
			files = (
				D31989631A21B00D0009B7CC /* Main.storyboard in Resources */,
				D31989681A21B00D0009B7CC /* LaunchScreen.xib in Resources */,
				D31989651A21B00D0009B7CC /* Images.xcassets in Resources */,
			);
			runOnlyForDeploymentPostprocessing = 0;
		};
		D319896B1A21B00D0009B7CC /* Resources */ = {
			isa = PBXResourcesBuildPhase;
			buildActionMask = 2147483647;
			files = (
			);
			runOnlyForDeploymentPostprocessing = 0;
		};
/* End PBXResourcesBuildPhase section */

/* Begin PBXSourcesBuildPhase section */
		D31989501A21B00D0009B7CC /* Sources */ = {
			isa = PBXSourcesBuildPhase;
			buildActionMask = 2147483647;
			files = (
				D31989601A21B00D0009B7CC /* ViewController.m in Sources */,
				D319895D1A21B00D0009B7CC /* AppDelegate.m in Sources */,
				D319895A1A21B00D0009B7CC /* main.m in Sources */,
			);
			runOnlyForDeploymentPostprocessing = 0;
		};
		D31989691A21B00D0009B7CC /* Sources */ = {
			isa = PBXSourcesBuildPhase;
			buildActionMask = 2147483647;
			files = (
				D31989741A21B00D0009B7CC /* UIImagePickerControllerDemoTests.m in Sources */,
			);
			runOnlyForDeploymentPostprocessing = 0;
		};
/* End PBXSourcesBuildPhase section */

/* Begin PBXTargetDependency section */
		D319896F1A21B00D0009B7CC /* PBXTargetDependency */ = {
			isa = PBXTargetDependency;
			target = D31989531A21B00D0009B7CC /* UIImagePickerControllerDemo */;
			targetProxy = D319896E1A21B00D0009B7CC /* PBXContainerItemProxy */;
		};
/* End PBXTargetDependency section */

/* Begin PBXVariantGroup section */
		D31989611A21B00D0009B7CC /* Main.storyboard */ = {
			isa = PBXVariantGroup;
			children = (
				D31989621A21B00D0009B7CC /* Base */,
			);
			name = Main.storyboard;
			sourceTree = "<group>";
		};
		D31989661A21B00D0009B7CC /* LaunchScreen.xib */ = {
			isa = PBXVariantGroup;
			children = (
				D31989671A21B00D0009B7CC /* Base */,
			);
			name = LaunchScreen.xib;
			sourceTree = "<group>";
		};
/* End PBXVariantGroup section */

/* Begin XCBuildConfiguration section */
		D31989751A21B00D0009B7CC /* Debug */ = {
			isa = XCBuildConfiguration;
			buildSettings = {
				ALWAYS_SEARCH_USER_PATHS = NO;
				CLANG_CXX_LANGUAGE_STANDARD = "gnu++0x";
				CLANG_CXX_LIBRARY = "libc++";
				CLANG_ENABLE_MODULES = YES;
				CLANG_ENABLE_OBJC_ARC = YES;
				CLANG_WARN_BOOL_CONVERSION = YES;
				CLANG_WARN_CONSTANT_CONVERSION = YES;
				CLANG_WARN_DIRECT_OBJC_ISA_USAGE = YES_ERROR;
				CLANG_WARN_EMPTY_BODY = YES;
				CLANG_WARN_ENUM_CONVERSION = YES;
				CLANG_WARN_INT_CONVERSION = YES;
				CLANG_WARN_OBJC_ROOT_CLASS = YES_ERROR;
				CLANG_WARN_UNREACHABLE_CODE = YES;
				CLANG_WARN__DUPLICATE_METHOD_MATCH = YES;
				"CODE_SIGN_IDENTITY[sdk=iphoneos*]" = "iPhone Developer";
				COPY_PHASE_STRIP = NO;
				ENABLE_STRICT_OBJC_MSGSEND = YES;
				GCC_C_LANGUAGE_STANDARD = gnu99;
				GCC_DYNAMIC_NO_PIC = NO;
				GCC_OPTIMIZATION_LEVEL = 0;
				GCC_PREPROCESSOR_DEFINITIONS = (
					"DEBUG=1",
					"$(inherited)",
				);
				GCC_SYMBOLS_PRIVATE_EXTERN = NO;
				GCC_WARN_64_TO_32_BIT_CONVERSION = YES;
				GCC_WARN_ABOUT_RETURN_TYPE = YES_ERROR;
				GCC_WARN_UNDECLARED_SELECTOR = YES;
				GCC_WARN_UNINITIALIZED_AUTOS = YES_AGGRESSIVE;
				GCC_WARN_UNUSED_FUNCTION = YES;
				GCC_WARN_UNUSED_VARIABLE = YES;
				IPHONEOS_DEPLOYMENT_TARGET = 8.1;
				MTL_ENABLE_DEBUG_INFO = YES;
				ONLY_ACTIVE_ARCH = YES;
				SDKROOT = iphoneos;
			};
			name = Debug;
		};
		D31989761A21B00D0009B7CC /* Release */ = {
			isa = XCBuildConfiguration;
			buildSettings = {
				ALWAYS_SEARCH_USER_PATHS = NO;
				CLANG_CXX_LANGUAGE_STANDARD = "gnu++0x";
				CLANG_CXX_LIBRARY = "libc++";
				CLANG_ENABLE_MODULES = YES;
				CLANG_ENABLE_OBJC_ARC = YES;
				CLANG_WARN_BOOL_CONVERSION = YES;
				CLANG_WARN_CONSTANT_CONVERSION = YES;
				CLANG_WARN_DIRECT_OBJC_ISA_USAGE = YES_ERROR;
				CLANG_WARN_EMPTY_BODY = YES;
				CLANG_WARN_ENUM_CONVERSION = YES;
				CLANG_WARN_INT_CONVERSION = YES;
				CLANG_WARN_OBJC_ROOT_CLASS = YES_ERROR;
				CLANG_WARN_UNREACHABLE_CODE = YES;
				CLANG_WARN__DUPLICATE_METHOD_MATCH = YES;
				"CODE_SIGN_IDENTITY[sdk=iphoneos*]" = "iPhone Developer";
				COPY_PHASE_STRIP = YES;
				ENABLE_NS_ASSERTIONS = NO;
				ENABLE_STRICT_OBJC_MSGSEND = YES;
				GCC_C_LANGUAGE_STANDARD = gnu99;
				GCC_WARN_64_TO_32_BIT_CONVERSION = YES;
				GCC_WARN_ABOUT_RETURN_TYPE = YES_ERROR;
				GCC_WARN_UNDECLARED_SELECTOR = YES;
				GCC_WARN_UNINITIALIZED_AUTOS = YES_AGGRESSIVE;
				GCC_WARN_UNUSED_FUNCTION = YES;
				GCC_WARN_UNUSED_VARIABLE = YES;
				IPHONEOS_DEPLOYMENT_TARGET = 8.1;
				MTL_ENABLE_DEBUG_INFO = NO;
				SDKROOT = iphoneos;
				VALIDATE_PRODUCT = YES;
			};
			name = Release;
		};
		D31989781A21B00D0009B7CC /* Debug */ = {
			isa = XCBuildConfiguration;
			buildSettings = {
				ASSETCATALOG_COMPILER_APPICON_NAME = AppIcon;
				INFOPLIST_FILE = UIImagePickerControllerDemo/Info.plist;
				LD_RUNPATH_SEARCH_PATHS = "$(inherited) @executable_path/Frameworks";
				PRODUCT_NAME = "$(TARGET_NAME)";
			};
			name = Debug;
		};
		D31989791A21B00D0009B7CC /* Release */ = {
			isa = XCBuildConfiguration;
			buildSettings = {
				ASSETCATALOG_COMPILER_APPICON_NAME = AppIcon;
				INFOPLIST_FILE = UIImagePickerControllerDemo/Info.plist;
				LD_RUNPATH_SEARCH_PATHS = "$(inherited) @executable_path/Frameworks";
				PRODUCT_NAME = "$(TARGET_NAME)";
			};
			name = Release;
		};
		D319897B1A21B00D0009B7CC /* Debug */ = {
			isa = XCBuildConfiguration;
			buildSettings = {
				BUNDLE_LOADER = "$(TEST_HOST)";
				FRAMEWORK_SEARCH_PATHS = (
					"$(SDKROOT)/Developer/Library/Frameworks",
					"$(inherited)",
				);
				GCC_PREPROCESSOR_DEFINITIONS = (
					"DEBUG=1",
					"$(inherited)",
				);
				INFOPLIST_FILE = UIImagePickerControllerDemoTests/Info.plist;
				LD_RUNPATH_SEARCH_PATHS = "$(inherited) @executable_path/Frameworks @loader_path/Frameworks";
				PRODUCT_NAME = "$(TARGET_NAME)";
				TEST_HOST = "$(BUILT_PRODUCTS_DIR)/UIImagePickerControllerDemo.app/UIImagePickerControllerDemo";
			};
			name = Debug;
		};
		D319897C1A21B00D0009B7CC /* Release */ = {
			isa = XCBuildConfiguration;
			buildSettings = {
				BUNDLE_LOADER = "$(TEST_HOST)";
				FRAMEWORK_SEARCH_PATHS = (
					"$(SDKROOT)/Developer/Library/Frameworks",
					"$(inherited)",
				);
				INFOPLIST_FILE = UIImagePickerControllerDemoTests/Info.plist;
				LD_RUNPATH_SEARCH_PATHS = "$(inherited) @executable_path/Frameworks @loader_path/Frameworks";
				PRODUCT_NAME = "$(TARGET_NAME)";
				TEST_HOST = "$(BUILT_PRODUCTS_DIR)/UIImagePickerControllerDemo.app/UIImagePickerControllerDemo";
			};
			name = Release;
		};
/* End XCBuildConfiguration section */

/* Begin XCConfigurationList section */
		D319894F1A21B00D0009B7CC /* Build configuration list for PBXProject "UIImagePickerControllerDemo" */ = {
			isa = XCConfigurationList;
			buildConfigurations = (
				D31989751A21B00D0009B7CC /* Debug */,
				D31989761A21B00D0009B7CC /* Release */,
			);
			defaultConfigurationIsVisible = 0;
			defaultConfigurationName = Release;
		};
		D31989771A21B00D0009B7CC /* Build configuration list for PBXNativeTarget "UIImagePickerControllerDemo" */ = {
			isa = XCConfigurationList;
			buildConfigurations = (
				D31989781A21B00D0009B7CC /* Debug */,
				D31989791A21B00D0009B7CC /* Release */,
			);
			defaultConfigurationIsVisible = 0;
		};
		D319897A1A21B00D0009B7CC /* Build configuration list for PBXNativeTarget "UIImagePickerControllerDemoTests" */ = {
			isa = XCConfigurationList;
			buildConfigurations = (
				D319897B1A21B00D0009B7CC /* Debug */,
				D319897C1A21B00D0009B7CC /* Release */,
			);
			defaultConfigurationIsVisible = 0;
		};
/* End XCConfigurationList section */
	};
	rootObject = D319894C1A21B00D0009B7CC /* Project object */;
}
