// !$*UTF8*$!
{
	archiveVersion = 1;
	classes = {
	};
	objectVersion = 46;
	objects = {

/* Begin PBXBuildFile section */
		D301B6841A13714900D29DA7 /* main.m in Sources */ = {isa = PBXBuildFile; fileRef = D301B6831A13714900D29DA7 /* main.m */; };
		D301B6871A13714900D29DA7 /* AppDelegate.m in Sources */ = {isa = PBXBuildFile; fileRef = D301B6861A13714900D29DA7 /* AppDelegate.m */; };
		D301B68A1A13714900D29DA7 /* ViewController.m in Sources */ = {isa = PBXBuildFile; fileRef = D301B6891A13714900D29DA7 /* ViewController.m */; };
		D301B68D1A13714900D29DA7 /* Main.storyboard in Resources */ = {isa = PBXBuildFile; fileRef = D301B68B1A13714900D29DA7 /* Main.storyboard */; };
		D301B68F1A13714900D29DA7 /* Images.xcassets in Resources */ = {isa = PBXBuildFile; fileRef = D301B68E1A13714900D29DA7 /* Images.xcassets */; };
		D301B6921A13714900D29DA7 /* LaunchScreen.xib in Resources */ = {isa = PBXBuildFile; fileRef = D301B6901A13714900D29DA7 /* LaunchScreen.xib */; };
		D301B69E1A13714900D29DA7 /* UIImageViewDemoTests.m in Sources */ = {isa = PBXBuildFile; fileRef = D301B69D1A13714900D29DA7 /* UIImageViewDemoTests.m */; };
/* End PBXBuildFile section */

/* Begin PBXContainerItemProxy section */
		D301B6981A13714900D29DA7 /* PBXContainerItemProxy */ = {
			isa = PBXContainerItemProxy;
			containerPortal = D301B6761A13714900D29DA7 /* Project object */;
			proxyType = 1;
			remoteGlobalIDString = D301B67D1A13714900D29DA7;
			remoteInfo = UIImageViewDemo;
		};
/* End PBXContainerItemProxy section */

/* Begin PBXFileReference section */
		D301B67E1A13714900D29DA7 /* UIImageViewDemo.app */ = {isa = PBXFileReference; explicitFileType = wrapper.application; includeInIndex = 0; path = UIImageViewDemo.app; sourceTree = BUILT_PRODUCTS_DIR; };
		D301B6821A13714900D29DA7 /* Info.plist */ = {isa = PBXFileReference; lastKnownFileType = text.plist.xml; path = Info.plist; sourceTree = "<group>"; };
		D301B6831A13714900D29DA7 /* main.m */ = {isa = PBXFileReference; lastKnownFileType = sourcecode.c.objc; path = main.m; sourceTree = "<group>"; };
		D301B6851A13714900D29DA7 /* AppDelegate.h */ = {isa = PBXFileReference; lastKnownFileType = sourcecode.c.h; path = AppDelegate.h; sourceTree = "<group>"; };
		D301B6861A13714900D29DA7 /* AppDelegate.m */ = {isa = PBXFileReference; lastKnownFileType = sourcecode.c.objc; path = AppDelegate.m; sourceTree = "<group>"; };
		D301B6881A13714900D29DA7 /* ViewController.h */ = {isa = PBXFileReference; lastKnownFileType = sourcecode.c.h; path = ViewController.h; sourceTree = "<group>"; };
		D301B6891A13714900D29DA7 /* ViewController.m */ = {isa = PBXFileReference; lastKnownFileType = sourcecode.c.objc; path = ViewController.m; sourceTree = "<group>"; };
		D301B68C1A13714900D29DA7 /* Base */ = {isa = PBXFileReference; lastKnownFileType = file.storyboard; name = Base; path = Base.lproj/Main.storyboard; sourceTree = "<group>"; };
		D301B68E1A13714900D29DA7 /* Images.xcassets */ = {isa = PBXFileReference; lastKnownFileType = folder.assetcatalog; path = Images.xcassets; sourceTree = "<group>"; };
		D301B6911A13714900D29DA7 /* Base */ = {isa = PBXFileReference; lastKnownFileType = file.xib; name = Base; path = Base.lproj/LaunchScreen.xib; sourceTree = "<group>"; };
		D301B6971A13714900D29DA7 /* UIImageViewDemoTests.xctest */ = {isa = PBXFileReference; explicitFileType = wrapper.cfbundle; includeInIndex = 0; path = UIImageViewDemoTests.xctest; sourceTree = BUILT_PRODUCTS_DIR; };
		D301B69C1A13714900D29DA7 /* Info.plist */ = {isa = PBXFileReference; lastKnownFileType = text.plist.xml; path = Info.plist; sourceTree = "<group>"; };
		D301B69D1A13714900D29DA7 /* UIImageViewDemoTests.m */ = {isa = PBXFileReference; lastKnownFileType = sourcecode.c.objc; path = UIImageViewDemoTests.m; sourceTree = "<group>"; };
/* End PBXFileReference section */

/* Begin PBXFrameworksBuildPhase section */
		D301B67B1A13714900D29DA7 /* Frameworks */ = {
			isa = PBXFrameworksBuildPhase;
			buildActionMask = 2147483647;
			files = (
			);
			runOnlyForDeploymentPostprocessing = 0;
		};
		D301B6941A13714900D29DA7 /* Frameworks */ = {
			isa = PBXFrameworksBuildPhase;
			buildActionMask = 2147483647;
			files = (
			);
			runOnlyForDeploymentPostprocessing = 0;
		};
/* End PBXFrameworksBuildPhase section */

/* Begin PBXGroup section */
		D301B6751A13714900D29DA7 = {
			isa = PBXGroup;
			children = (
				D301B6801A13714900D29DA7 /* UIImageViewDemo */,
				D301B69A1A13714900D29DA7 /* UIImageViewDemoTests */,
				D301B67F1A13714900D29DA7 /* Products */,
			);
			sourceTree = "<group>";
		};
		D301B67F1A13714900D29DA7 /* Products */ = {
			isa = PBXGroup;
			children = (
				D301B67E1A13714900D29DA7 /* UIImageViewDemo.app */,
				D301B6971A13714900D29DA7 /* UIImageViewDemoTests.xctest */,
			);
			name = Products;
			sourceTree = "<group>";
		};
		D301B6801A13714900D29DA7 /* UIImageViewDemo */ = {
			isa = PBXGroup;
			children = (
				D301B6851A13714900D29DA7 /* AppDelegate.h */,
				D301B6861A13714900D29DA7 /* AppDelegate.m */,
				D301B6881A13714900D29DA7 /* ViewController.h */,
				D301B6891A13714900D29DA7 /* ViewController.m */,
				D301B68B1A13714900D29DA7 /* Main.storyboard */,
				D301B68E1A13714900D29DA7 /* Images.xcassets */,
				D301B6901A13714900D29DA7 /* LaunchScreen.xib */,
				D301B6811A13714900D29DA7 /* Supporting Files */,
			);
			path = UIImageViewDemo;
			sourceTree = "<group>";
		};
		D301B6811A13714900D29DA7 /* Supporting Files */ = {
			isa = PBXGroup;
			children = (
				D301B6821A13714900D29DA7 /* Info.plist */,
				D301B6831A13714900D29DA7 /* main.m */,
			);
			name = "Supporting Files";
			sourceTree = "<group>";
		};
		D301B69A1A13714900D29DA7 /* UIImageViewDemoTests */ = {
			isa = PBXGroup;
			children = (
				D301B69D1A13714900D29DA7 /* UIImageViewDemoTests.m */,
				D301B69B1A13714900D29DA7 /* Supporting Files */,
			);
			path = UIImageViewDemoTests;
			sourceTree = "<group>";
		};
		D301B69B1A13714900D29DA7 /* Supporting Files */ = {
			isa = PBXGroup;
			children = (
				D301B69C1A13714900D29DA7 /* Info.plist */,
			);
			name = "Supporting Files";
			sourceTree = "<group>";
		};
/* End PBXGroup section */

/* Begin PBXNativeTarget section */
		D301B67D1A13714900D29DA7 /* UIImageViewDemo */ = {
			isa = PBXNativeTarget;
			buildConfigurationList = D301B6A11A13714900D29DA7 /* Build configuration list for PBXNativeTarget "UIImageViewDemo" */;
			buildPhases = (
				D301B67A1A13714900D29DA7 /* Sources */,
				D301B67B1A13714900D29DA7 /* Frameworks */,
				D301B67C1A13714900D29DA7 /* Resources */,
			);
			buildRules = (
			);
			dependencies = (
			);
			name = UIImageViewDemo;
			productName = UIImageViewDemo;
			productReference = D301B67E1A13714900D29DA7 /* UIImageViewDemo.app */;
			productType = "com.apple.product-type.application";
		};
		D301B6961A13714900D29DA7 /* UIImageViewDemoTests */ = {
			isa = PBXNativeTarget;
			buildConfigurationList = D301B6A41A13714900D29DA7 /* Build configuration list for PBXNativeTarget "UIImageViewDemoTests" */;
			buildPhases = (
				D301B6931A13714900D29DA7 /* Sources */,
				D301B6941A13714900D29DA7 /* Frameworks */,
				D301B6951A13714900D29DA7 /* Resources */,
			);
			buildRules = (
			);
			dependencies = (
				D301B6991A13714900D29DA7 /* PBXTargetDependency */,
			);
			name = UIImageViewDemoTests;
			productName = UIImageViewDemoTests;
			productReference = D301B6971A13714900D29DA7 /* UIImageViewDemoTests.xctest */;
			productType = "com.apple.product-type.bundle.unit-test";
		};
/* End PBXNativeTarget section */

/* Begin PBXProject section */
		D301B6761A13714900D29DA7 /* Project object */ = {
			isa = PBXProject;
			attributes = {
				LastUpgradeCheck = 0610;
				ORGANIZATIONNAME = xidanjueying;
				TargetAttributes = {
					D301B67D1A13714900D29DA7 = {
						CreatedOnToolsVersion = 6.1;
					};
					D301B6961A13714900D29DA7 = {
						CreatedOnToolsVersion = 6.1;
						TestTargetID = D301B67D1A13714900D29DA7;
					};
				};
			};
			buildConfigurationList = D301B6791A13714900D29DA7 /* Build configuration list for PBXProject "UIImageViewDemo" */;
			compatibilityVersion = "Xcode 3.2";
			developmentRegion = English;
			hasScannedForEncodings = 0;
			knownRegions = (
				en,
				Base,
			);
			mainGroup = D301B6751A13714900D29DA7;
			productRefGroup = D301B67F1A13714900D29DA7 /* Products */;
			projectDirPath = "";
			projectRoot = "";
			targets = (
				D301B67D1A13714900D29DA7 /* UIImageViewDemo */,
				D301B6961A13714900D29DA7 /* UIImageViewDemoTests */,
			);
		};
/* End PBXProject section */

/* Begin PBXResourcesBuildPhase section */
		D301B67C1A13714900D29DA7 /* Resources */ = {
			isa = PBXResourcesBuildPhase;
			buildActionMask = 2147483647;
			files = (
				D301B68D1A13714900D29DA7 /* Main.storyboard in Resources */,
				D301B6921A13714900D29DA7 /* LaunchScreen.xib in Resources */,
				D301B68F1A13714900D29DA7 /* Images.xcassets in Resources */,
			);
			runOnlyForDeploymentPostprocessing = 0;
		};
		D301B6951A13714900D29DA7 /* Resources */ = {
			isa = PBXResourcesBuildPhase;
			buildActionMask = 2147483647;
			files = (
			);
			runOnlyForDeploymentPostprocessing = 0;
		};
/* End PBXResourcesBuildPhase section */

/* Begin PBXSourcesBuildPhase section */
		D301B67A1A13714900D29DA7 /* Sources */ = {
			isa = PBXSourcesBuildPhase;
			buildActionMask = 2147483647;
			files = (
				D301B68A1A13714900D29DA7 /* ViewController.m in Sources */,
				D301B6871A13714900D29DA7 /* AppDelegate.m in Sources */,
				D301B6841A13714900D29DA7 /* main.m in Sources */,
			);
			runOnlyForDeploymentPostprocessing = 0;
		};
		D301B6931A13714900D29DA7 /* Sources */ = {
			isa = PBXSourcesBuildPhase;
			buildActionMask = 2147483647;
			files = (
				D301B69E1A13714900D29DA7 /* UIImageViewDemoTests.m in Sources */,
			);
			runOnlyForDeploymentPostprocessing = 0;
		};
/* End PBXSourcesBuildPhase section */

/* Begin PBXTargetDependency section */
		D301B6991A13714900D29DA7 /* PBXTargetDependency */ = {
			isa = PBXTargetDependency;
			target = D301B67D1A13714900D29DA7 /* UIImageViewDemo */;
			targetProxy = D301B6981A13714900D29DA7 /* PBXContainerItemProxy */;
		};
/* End PBXTargetDependency section */

/* Begin PBXVariantGroup section */
		D301B68B1A13714900D29DA7 /* Main.storyboard */ = {
			isa = PBXVariantGroup;
			children = (
				D301B68C1A13714900D29DA7 /* Base */,
			);
			name = Main.storyboard;
			sourceTree = "<group>";
		};
		D301B6901A13714900D29DA7 /* LaunchScreen.xib */ = {
			isa = PBXVariantGroup;
			children = (
				D301B6911A13714900D29DA7 /* Base */,
			);
			name = LaunchScreen.xib;
			sourceTree = "<group>";
		};
/* End PBXVariantGroup section */

/* Begin XCBuildConfiguration section */
		D301B69F1A13714900D29DA7 /* Debug */ = {
			isa = XCBuildConfiguration;
			buildSettings = {
				ALWAYS_SEARCH_USER_PATHS = NO;
				CLANG_CXX_LANGUAGE_STANDARD = "gnu++0x";
				CLANG_CXX_LIBRARY = "libc++";
				CLANG_ENABLE_MODULES = YES;
				CLANG_ENABLE_OBJC_ARC = YES;
				CLANG_WARN_BOOL_CONVERSION = YES;
				CLANG_WARN_CONSTANT_CONVERSION = YES;
				CLANG_WARN_DIRECT_OBJC_ISA_USAGE = YES_ERROR;
				CLANG_WARN_EMPTY_BODY = YES;
				CLANG_WARN_ENUM_CONVERSION = YES;
				CLANG_WARN_INT_CONVERSION = YES;
				CLANG_WARN_OBJC_ROOT_CLASS = YES_ERROR;
				CLANG_WARN_UNREACHABLE_CODE = YES;
				CLANG_WARN__DUPLICATE_METHOD_MATCH = YES;
				"CODE_SIGN_IDENTITY[sdk=iphoneos*]" = "iPhone Developer";
				COPY_PHASE_STRIP = NO;
				ENABLE_STRICT_OBJC_MSGSEND = YES;
				GCC_C_LANGUAGE_STANDARD = gnu99;
				GCC_DYNAMIC_NO_PIC = NO;
				GCC_OPTIMIZATION_LEVEL = 0;
				GCC_PREPROCESSOR_DEFINITIONS = (
					"DEBUG=1",
					"$(inherited)",
				);
				GCC_SYMBOLS_PRIVATE_EXTERN = NO;
				GCC_WARN_64_TO_32_BIT_CONVERSION = YES;
				GCC_WARN_ABOUT_RETURN_TYPE = YES_ERROR;
				GCC_WARN_UNDECLARED_SELECTOR = YES;
				GCC_WARN_UNINITIALIZED_AUTOS = YES_AGGRESSIVE;
				GCC_WARN_UNUSED_FUNCTION = YES;
				GCC_WARN_UNUSED_VARIABLE = YES;
				IPHONEOS_DEPLOYMENT_TARGET = 8.1;
				MTL_ENABLE_DEBUG_INFO = YES;
				ONLY_ACTIVE_ARCH = YES;
				SDKROOT = iphoneos;
			};
			name = Debug;
		};
		D301B6A01A13714900D29DA7 /* Release */ = {
			isa = XCBuildConfiguration;
			buildSettings = {
				ALWAYS_SEARCH_USER_PATHS = NO;
				CLANG_CXX_LANGUAGE_STANDARD = "gnu++0x";
				CLANG_CXX_LIBRARY = "libc++";
				CLANG_ENABLE_MODULES = YES;
				CLANG_ENABLE_OBJC_ARC = YES;
				CLANG_WARN_BOOL_CONVERSION = YES;
				CLANG_WARN_CONSTANT_CONVERSION = YES;
				CLANG_WARN_DIRECT_OBJC_ISA_USAGE = YES_ERROR;
				CLANG_WARN_EMPTY_BODY = YES;
				CLANG_WARN_ENUM_CONVERSION = YES;
				CLANG_WARN_INT_CONVERSION = YES;
				CLANG_WARN_OBJC_ROOT_CLASS = YES_ERROR;
				CLANG_WARN_UNREACHABLE_CODE = YES;
				CLANG_WARN__DUPLICATE_METHOD_MATCH = YES;
				"CODE_SIGN_IDENTITY[sdk=iphoneos*]" = "iPhone Developer";
				COPY_PHASE_STRIP = YES;
				ENABLE_NS_ASSERTIONS = NO;
				ENABLE_STRICT_OBJC_MSGSEND = YES;
				GCC_C_LANGUAGE_STANDARD = gnu99;
				GCC_WARN_64_TO_32_BIT_CONVERSION = YES;
				GCC_WARN_ABOUT_RETURN_TYPE = YES_ERROR;
				GCC_WARN_UNDECLARED_SELECTOR = YES;
				GCC_WARN_UNINITIALIZED_AUTOS = YES_AGGRESSIVE;
				GCC_WARN_UNUSED_FUNCTION = YES;
				GCC_WARN_UNUSED_VARIABLE = YES;
				IPHONEOS_DEPLOYMENT_TARGET = 8.1;
				MTL_ENABLE_DEBUG_INFO = NO;
				SDKROOT = iphoneos;
				VALIDATE_PRODUCT = YES;
			};
			name = Release;
		};
		D301B6A21A13714900D29DA7 /* Debug */ = {
			isa = XCBuildConfiguration;
			buildSettings = {
				ASSETCATALOG_COMPILER_APPICON_NAME = AppIcon;
				INFOPLIST_FILE = UIImageViewDemo/Info.plist;
				LD_RUNPATH_SEARCH_PATHS = "$(inherited) @executable_path/Frameworks";
				PRODUCT_NAME = "$(TARGET_NAME)";
			};
			name = Debug;
		};
		D301B6A31A13714900D29DA7 /* Release */ = {
			isa = XCBuildConfiguration;
			buildSettings = {
				ASSETCATALOG_COMPILER_APPICON_NAME = AppIcon;
				INFOPLIST_FILE = UIImageViewDemo/Info.plist;
				LD_RUNPATH_SEARCH_PATHS = "$(inherited) @executable_path/Frameworks";
				PRODUCT_NAME = "$(TARGET_NAME)";
			};
			name = Release;
		};
		D301B6A51A13714900D29DA7 /* Debug */ = {
			isa = XCBuildConfiguration;
			buildSettings = {
				BUNDLE_LOADER = "$(TEST_HOST)";
				FRAMEWORK_SEARCH_PATHS = (
					"$(SDKROOT)/Developer/Library/Frameworks",
					"$(inherited)",
				);
				GCC_PREPROCESSOR_DEFINITIONS = (
					"DEBUG=1",
					"$(inherited)",
				);
				INFOPLIST_FILE = UIImageViewDemoTests/Info.plist;
				LD_RUNPATH_SEARCH_PATHS = "$(inherited) @executable_path/Frameworks @loader_path/Frameworks";
				PRODUCT_NAME = "$(TARGET_NAME)";
				TEST_HOST = "$(BUILT_PRODUCTS_DIR)/UIImageViewDemo.app/UIImageViewDemo";
			};
			name = Debug;
		};
		D301B6A61A13714900D29DA7 /* Release */ = {
			isa = XCBuildConfiguration;
			buildSettings = {
				BUNDLE_LOADER = "$(TEST_HOST)";
				FRAMEWORK_SEARCH_PATHS = (
					"$(SDKROOT)/Developer/Library/Frameworks",
					"$(inherited)",
				);
				INFOPLIST_FILE = UIImageViewDemoTests/Info.plist;
				LD_RUNPATH_SEARCH_PATHS = "$(inherited) @executable_path/Frameworks @loader_path/Frameworks";
				PRODUCT_NAME = "$(TARGET_NAME)";
				TEST_HOST = "$(BUILT_PRODUCTS_DIR)/UIImageViewDemo.app/UIImageViewDemo";
			};
			name = Release;
		};
/* End XCBuildConfiguration section */

/* Begin XCConfigurationList section */
		D301B6791A13714900D29DA7 /* Build configuration list for PBXProject "UIImageViewDemo" */ = {
			isa = XCConfigurationList;
			buildConfigurations = (
				D301B69F1A13714900D29DA7 /* Debug */,
				D301B6A01A13714900D29DA7 /* Release */,
			);
			defaultConfigurationIsVisible = 0;
			defaultConfigurationName = Release;
		};
		D301B6A11A13714900D29DA7 /* Build configuration list for PBXNativeTarget "UIImageViewDemo" */ = {
			isa = XCConfigurationList;
			buildConfigurations = (
				D301B6A21A13714900D29DA7 /* Debug */,
				D301B6A31A13714900D29DA7 /* Release */,
			);
			defaultConfigurationIsVisible = 0;
		};
		D301B6A41A13714900D29DA7 /* Build configuration list for PBXNativeTarget "UIImageViewDemoTests" */ = {
			isa = XCConfigurationList;
			buildConfigurations = (
				D301B6A51A13714900D29DA7 /* Debug */,
				D301B6A61A13714900D29DA7 /* Release */,
			);
			defaultConfigurationIsVisible = 0;
		};
/* End XCConfigurationList section */
	};
	rootObject = D301B6761A13714900D29DA7 /* Project object */;
}
