// !$*UTF8*$!
{
	archiveVersion = 1;
	classes = {
	};
	objectVersion = 46;
	objects = {

/* Begin PBXBuildFile section */
		D3777A1A1A29E6FF00B03885 /* main.m in Sources */ = {isa = PBXBuildFile; fileRef = D3777A191A29E6FF00B03885 /* main.m */; };
		D3777A1D1A29E6FF00B03885 /* AppDelegate.m in Sources */ = {isa = PBXBuildFile; fileRef = D3777A1C1A29E6FF00B03885 /* AppDelegate.m */; };
		D3777A201A29E6FF00B03885 /* ViewController.m in Sources */ = {isa = PBXBuildFile; fileRef = D3777A1F1A29E6FF00B03885 /* ViewController.m */; };
		D3777A231A29E6FF00B03885 /* Main.storyboard in Resources */ = {isa = PBXBuildFile; fileRef = D3777A211A29E6FF00B03885 /* Main.storyboard */; };
		D3777A251A29E6FF00B03885 /* Images.xcassets in Resources */ = {isa = PBXBuildFile; fileRef = D3777A241A29E6FF00B03885 /* Images.xcassets */; };
		D3777A281A29E6FF00B03885 /* LaunchScreen.xib in Resources */ = {isa = PBXBuildFile; fileRef = D3777A261A29E6FF00B03885 /* LaunchScreen.xib */; };
		D3777A341A29E6FF00B03885 /* UITableViewControllerDemoTests.m in Sources */ = {isa = PBXBuildFile; fileRef = D3777A331A29E6FF00B03885 /* UITableViewControllerDemoTests.m */; };
		D3777A471A2D359300B03885 /* TableViewController.m in Sources */ = {isa = PBXBuildFile; fileRef = D3777A461A2D359300B03885 /* TableViewController.m */; };
/* End PBXBuildFile section */

/* Begin PBXContainerItemProxy section */
		D3777A2E1A29E6FF00B03885 /* PBXContainerItemProxy */ = {
			isa = PBXContainerItemProxy;
			containerPortal = D3777A0C1A29E6FF00B03885 /* Project object */;
			proxyType = 1;
			remoteGlobalIDString = D3777A131A29E6FF00B03885;
			remoteInfo = UITableViewControllerDemo;
		};
/* End PBXContainerItemProxy section */

/* Begin PBXFileReference section */
		D3777A141A29E6FF00B03885 /* UITableViewControllerDemo.app */ = {isa = PBXFileReference; explicitFileType = wrapper.application; includeInIndex = 0; path = UITableViewControllerDemo.app; sourceTree = BUILT_PRODUCTS_DIR; };
		D3777A181A29E6FF00B03885 /* Info.plist */ = {isa = PBXFileReference; lastKnownFileType = text.plist.xml; path = Info.plist; sourceTree = "<group>"; };
		D3777A191A29E6FF00B03885 /* main.m */ = {isa = PBXFileReference; lastKnownFileType = sourcecode.c.objc; path = main.m; sourceTree = "<group>"; };
		D3777A1B1A29E6FF00B03885 /* AppDelegate.h */ = {isa = PBXFileReference; lastKnownFileType = sourcecode.c.h; path = AppDelegate.h; sourceTree = "<group>"; };
		D3777A1C1A29E6FF00B03885 /* AppDelegate.m */ = {isa = PBXFileReference; lastKnownFileType = sourcecode.c.objc; path = AppDelegate.m; sourceTree = "<group>"; };
		D3777A1E1A29E6FF00B03885 /* ViewController.h */ = {isa = PBXFileReference; lastKnownFileType = sourcecode.c.h; path = ViewController.h; sourceTree = "<group>"; };
		D3777A1F1A29E6FF00B03885 /* ViewController.m */ = {isa = PBXFileReference; lastKnownFileType = sourcecode.c.objc; path = ViewController.m; sourceTree = "<group>"; };
		D3777A221A29E6FF00B03885 /* Base */ = {isa = PBXFileReference; lastKnownFileType = file.storyboard; name = Base; path = Base.lproj/Main.storyboard; sourceTree = "<group>"; };
		D3777A241A29E6FF00B03885 /* Images.xcassets */ = {isa = PBXFileReference; lastKnownFileType = folder.assetcatalog; path = Images.xcassets; sourceTree = "<group>"; };
		D3777A271A29E6FF00B03885 /* Base */ = {isa = PBXFileReference; lastKnownFileType = file.xib; name = Base; path = Base.lproj/LaunchScreen.xib; sourceTree = "<group>"; };
		D3777A2D1A29E6FF00B03885 /* UITableViewControllerDemoTests.xctest */ = {isa = PBXFileReference; explicitFileType = wrapper.cfbundle; includeInIndex = 0; path = UITableViewControllerDemoTests.xctest; sourceTree = BUILT_PRODUCTS_DIR; };
		D3777A321A29E6FF00B03885 /* Info.plist */ = {isa = PBXFileReference; lastKnownFileType = text.plist.xml; path = Info.plist; sourceTree = "<group>"; };
		D3777A331A29E6FF00B03885 /* UITableViewControllerDemoTests.m */ = {isa = PBXFileReference; lastKnownFileType = sourcecode.c.objc; path = UITableViewControllerDemoTests.m; sourceTree = "<group>"; };
		D3777A451A2D359300B03885 /* TableViewController.h */ = {isa = PBXFileReference; fileEncoding = 4; lastKnownFileType = sourcecode.c.h; path = TableViewController.h; sourceTree = "<group>"; };
		D3777A461A2D359300B03885 /* TableViewController.m */ = {isa = PBXFileReference; fileEncoding = 4; lastKnownFileType = sourcecode.c.objc; path = TableViewController.m; sourceTree = "<group>"; };
/* End PBXFileReference section */

/* Begin PBXFrameworksBuildPhase section */
		D3777A111A29E6FF00B03885 /* Frameworks */ = {
			isa = PBXFrameworksBuildPhase;
			buildActionMask = 2147483647;
			files = (
			);
			runOnlyForDeploymentPostprocessing = 0;
		};
		D3777A2A1A29E6FF00B03885 /* Frameworks */ = {
			isa = PBXFrameworksBuildPhase;
			buildActionMask = 2147483647;
			files = (
			);
			runOnlyForDeploymentPostprocessing = 0;
		};
/* End PBXFrameworksBuildPhase section */

/* Begin PBXGroup section */
		D3777A0B1A29E6FF00B03885 = {
			isa = PBXGroup;
			children = (
				D3777A161A29E6FF00B03885 /* UITableViewControllerDemo */,
				D3777A301A29E6FF00B03885 /* UITableViewControllerDemoTests */,
				D3777A151A29E6FF00B03885 /* Products */,
			);
			sourceTree = "<group>";
		};
		D3777A151A29E6FF00B03885 /* Products */ = {
			isa = PBXGroup;
			children = (
				D3777A141A29E6FF00B03885 /* UITableViewControllerDemo.app */,
				D3777A2D1A29E6FF00B03885 /* UITableViewControllerDemoTests.xctest */,
			);
			name = Products;
			sourceTree = "<group>";
		};
		D3777A161A29E6FF00B03885 /* UITableViewControllerDemo */ = {
			isa = PBXGroup;
			children = (
				D3777A1B1A29E6FF00B03885 /* AppDelegate.h */,
				D3777A1C1A29E6FF00B03885 /* AppDelegate.m */,
				D3777A1E1A29E6FF00B03885 /* ViewController.h */,
				D3777A1F1A29E6FF00B03885 /* ViewController.m */,
				D3777A451A2D359300B03885 /* TableViewController.h */,
				D3777A461A2D359300B03885 /* TableViewController.m */,
				D3777A211A29E6FF00B03885 /* Main.storyboard */,
				D3777A241A29E6FF00B03885 /* Images.xcassets */,
				D3777A261A29E6FF00B03885 /* LaunchScreen.xib */,
				D3777A171A29E6FF00B03885 /* Supporting Files */,
			);
			path = UITableViewControllerDemo;
			sourceTree = "<group>";
		};
		D3777A171A29E6FF00B03885 /* Supporting Files */ = {
			isa = PBXGroup;
			children = (
				D3777A181A29E6FF00B03885 /* Info.plist */,
				D3777A191A29E6FF00B03885 /* main.m */,
			);
			name = "Supporting Files";
			sourceTree = "<group>";
		};
		D3777A301A29E6FF00B03885 /* UITableViewControllerDemoTests */ = {
			isa = PBXGroup;
			children = (
				D3777A331A29E6FF00B03885 /* UITableViewControllerDemoTests.m */,
				D3777A311A29E6FF00B03885 /* Supporting Files */,
			);
			path = UITableViewControllerDemoTests;
			sourceTree = "<group>";
		};
		D3777A311A29E6FF00B03885 /* Supporting Files */ = {
			isa = PBXGroup;
			children = (
				D3777A321A29E6FF00B03885 /* Info.plist */,
			);
			name = "Supporting Files";
			sourceTree = "<group>";
		};
/* End PBXGroup section */

/* Begin PBXNativeTarget section */
		D3777A131A29E6FF00B03885 /* UITableViewControllerDemo */ = {
			isa = PBXNativeTarget;
			buildConfigurationList = D3777A371A29E6FF00B03885 /* Build configuration list for PBXNativeTarget "UITableViewControllerDemo" */;
			buildPhases = (
				D3777A101A29E6FF00B03885 /* Sources */,
				D3777A111A29E6FF00B03885 /* Frameworks */,
				D3777A121A29E6FF00B03885 /* Resources */,
			);
			buildRules = (
			);
			dependencies = (
			);
			name = UITableViewControllerDemo;
			productName = UITableViewControllerDemo;
			productReference = D3777A141A29E6FF00B03885 /* UITableViewControllerDemo.app */;
			productType = "com.apple.product-type.application";
		};
		D3777A2C1A29E6FF00B03885 /* UITableViewControllerDemoTests */ = {
			isa = PBXNativeTarget;
			buildConfigurationList = D3777A3A1A29E6FF00B03885 /* Build configuration list for PBXNativeTarget "UITableViewControllerDemoTests" */;
			buildPhases = (
				D3777A291A29E6FF00B03885 /* Sources */,
				D3777A2A1A29E6FF00B03885 /* Frameworks */,
				D3777A2B1A29E6FF00B03885 /* Resources */,
			);
			buildRules = (
			);
			dependencies = (
				D3777A2F1A29E6FF00B03885 /* PBXTargetDependency */,
			);
			name = UITableViewControllerDemoTests;
			productName = UITableViewControllerDemoTests;
			productReference = D3777A2D1A29E6FF00B03885 /* UITableViewControllerDemoTests.xctest */;
			productType = "com.apple.product-type.bundle.unit-test";
		};
/* End PBXNativeTarget section */

/* Begin PBXProject section */
		D3777A0C1A29E6FF00B03885 /* Project object */ = {
			isa = PBXProject;
			attributes = {
				LastUpgradeCheck = 0610;
				ORGANIZATIONNAME = xidanjueying;
				TargetAttributes = {
					D3777A131A29E6FF00B03885 = {
						CreatedOnToolsVersion = 6.1;
					};
					D3777A2C1A29E6FF00B03885 = {
						CreatedOnToolsVersion = 6.1;
						TestTargetID = D3777A131A29E6FF00B03885;
					};
				};
			};
			buildConfigurationList = D3777A0F1A29E6FF00B03885 /* Build configuration list for PBXProject "UITableViewControllerDemo" */;
			compatibilityVersion = "Xcode 3.2";
			developmentRegion = English;
			hasScannedForEncodings = 0;
			knownRegions = (
				en,
				Base,
			);
			mainGroup = D3777A0B1A29E6FF00B03885;
			productRefGroup = D3777A151A29E6FF00B03885 /* Products */;
			projectDirPath = "";
			projectRoot = "";
			targets = (
				D3777A131A29E6FF00B03885 /* UITableViewControllerDemo */,
				D3777A2C1A29E6FF00B03885 /* UITableViewControllerDemoTests */,
			);
		};
/* End PBXProject section */

/* Begin PBXResourcesBuildPhase section */
		D3777A121A29E6FF00B03885 /* Resources */ = {
			isa = PBXResourcesBuildPhase;
			buildActionMask = 2147483647;
			files = (
				D3777A231A29E6FF00B03885 /* Main.storyboard in Resources */,
				D3777A281A29E6FF00B03885 /* LaunchScreen.xib in Resources */,
				D3777A251A29E6FF00B03885 /* Images.xcassets in Resources */,
			);
			runOnlyForDeploymentPostprocessing = 0;
		};
		D3777A2B1A29E6FF00B03885 /* Resources */ = {
			isa = PBXResourcesBuildPhase;
			buildActionMask = 2147483647;
			files = (
			);
			runOnlyForDeploymentPostprocessing = 0;
		};
/* End PBXResourcesBuildPhase section */

/* Begin PBXSourcesBuildPhase section */
		D3777A101A29E6FF00B03885 /* Sources */ = {
			isa = PBXSourcesBuildPhase;
			buildActionMask = 2147483647;
			files = (
				D3777A201A29E6FF00B03885 /* ViewController.m in Sources */,
				D3777A1D1A29E6FF00B03885 /* AppDelegate.m in Sources */,
				D3777A1A1A29E6FF00B03885 /* main.m in Sources */,
				D3777A471A2D359300B03885 /* TableViewController.m in Sources */,
			);
			runOnlyForDeploymentPostprocessing = 0;
		};
		D3777A291A29E6FF00B03885 /* Sources */ = {
			isa = PBXSourcesBuildPhase;
			buildActionMask = 2147483647;
			files = (
				D3777A341A29E6FF00B03885 /* UITableViewControllerDemoTests.m in Sources */,
			);
			runOnlyForDeploymentPostprocessing = 0;
		};
/* End PBXSourcesBuildPhase section */

/* Begin PBXTargetDependency section */
		D3777A2F1A29E6FF00B03885 /* PBXTargetDependency */ = {
			isa = PBXTargetDependency;
			target = D3777A131A29E6FF00B03885 /* UITableViewControllerDemo */;
			targetProxy = D3777A2E1A29E6FF00B03885 /* PBXContainerItemProxy */;
		};
/* End PBXTargetDependency section */

/* Begin PBXVariantGroup section */
		D3777A211A29E6FF00B03885 /* Main.storyboard */ = {
			isa = PBXVariantGroup;
			children = (
				D3777A221A29E6FF00B03885 /* Base */,
			);
			name = Main.storyboard;
			sourceTree = "<group>";
		};
		D3777A261A29E6FF00B03885 /* LaunchScreen.xib */ = {
			isa = PBXVariantGroup;
			children = (
				D3777A271A29E6FF00B03885 /* Base */,
			);
			name = LaunchScreen.xib;
			sourceTree = "<group>";
		};
/* End PBXVariantGroup section */

/* Begin XCBuildConfiguration section */
		D3777A351A29E6FF00B03885 /* Debug */ = {
			isa = XCBuildConfiguration;
			buildSettings = {
				ALWAYS_SEARCH_USER_PATHS = NO;
				CLANG_CXX_LANGUAGE_STANDARD = "gnu++0x";
				CLANG_CXX_LIBRARY = "libc++";
				CLANG_ENABLE_MODULES = YES;
				CLANG_ENABLE_OBJC_ARC = YES;
				CLANG_WARN_BOOL_CONVERSION = YES;
				CLANG_WARN_CONSTANT_CONVERSION = YES;
				CLANG_WARN_DIRECT_OBJC_ISA_USAGE = YES_ERROR;
				CLANG_WARN_EMPTY_BODY = YES;
				CLANG_WARN_ENUM_CONVERSION = YES;
				CLANG_WARN_INT_CONVERSION = YES;
				CLANG_WARN_OBJC_ROOT_CLASS = YES_ERROR;
				CLANG_WARN_UNREACHABLE_CODE = YES;
				CLANG_WARN__DUPLICATE_METHOD_MATCH = YES;
				"CODE_SIGN_IDENTITY[sdk=iphoneos*]" = "iPhone Developer";
				COPY_PHASE_STRIP = NO;
				ENABLE_STRICT_OBJC_MSGSEND = YES;
				GCC_C_LANGUAGE_STANDARD = gnu99;
				GCC_DYNAMIC_NO_PIC = NO;
				GCC_OPTIMIZATION_LEVEL = 0;
				GCC_PREPROCESSOR_DEFINITIONS = (
					"DEBUG=1",
					"$(inherited)",
				);
				GCC_SYMBOLS_PRIVATE_EXTERN = NO;
				GCC_WARN_64_TO_32_BIT_CONVERSION = YES;
				GCC_WARN_ABOUT_RETURN_TYPE = YES_ERROR;
				GCC_WARN_UNDECLARED_SELECTOR = YES;
				GCC_WARN_UNINITIALIZED_AUTOS = YES_AGGRESSIVE;
				GCC_WARN_UNUSED_FUNCTION = YES;
				GCC_WARN_UNUSED_VARIABLE = YES;
				IPHONEOS_DEPLOYMENT_TARGET = 8.1;
				MTL_ENABLE_DEBUG_INFO = YES;
				ONLY_ACTIVE_ARCH = YES;
				SDKROOT = iphoneos;
			};
			name = Debug;
		};
		D3777A361A29E6FF00B03885 /* Release */ = {
			isa = XCBuildConfiguration;
			buildSettings = {
				ALWAYS_SEARCH_USER_PATHS = NO;
				CLANG_CXX_LANGUAGE_STANDARD = "gnu++0x";
				CLANG_CXX_LIBRARY = "libc++";
				CLANG_ENABLE_MODULES = YES;
				CLANG_ENABLE_OBJC_ARC = YES;
				CLANG_WARN_BOOL_CONVERSION = YES;
				CLANG_WARN_CONSTANT_CONVERSION = YES;
				CLANG_WARN_DIRECT_OBJC_ISA_USAGE = YES_ERROR;
				CLANG_WARN_EMPTY_BODY = YES;
				CLANG_WARN_ENUM_CONVERSION = YES;
				CLANG_WARN_INT_CONVERSION = YES;
				CLANG_WARN_OBJC_ROOT_CLASS = YES_ERROR;
				CLANG_WARN_UNREACHABLE_CODE = YES;
				CLANG_WARN__DUPLICATE_METHOD_MATCH = YES;
				"CODE_SIGN_IDENTITY[sdk=iphoneos*]" = "iPhone Developer";
				COPY_PHASE_STRIP = YES;
				ENABLE_NS_ASSERTIONS = NO;
				ENABLE_STRICT_OBJC_MSGSEND = YES;
				GCC_C_LANGUAGE_STANDARD = gnu99;
				GCC_WARN_64_TO_32_BIT_CONVERSION = YES;
				GCC_WARN_ABOUT_RETURN_TYPE = YES_ERROR;
				GCC_WARN_UNDECLARED_SELECTOR = YES;
				GCC_WARN_UNINITIALIZED_AUTOS = YES_AGGRESSIVE;
				GCC_WARN_UNUSED_FUNCTION = YES;
				GCC_WARN_UNUSED_VARIABLE = YES;
				IPHONEOS_DEPLOYMENT_TARGET = 8.1;
				MTL_ENABLE_DEBUG_INFO = NO;
				SDKROOT = iphoneos;
				VALIDATE_PRODUCT = YES;
			};
			name = Release;
		};
		D3777A381A29E6FF00B03885 /* Debug */ = {
			isa = XCBuildConfiguration;
			buildSettings = {
				ASSETCATALOG_COMPILER_APPICON_NAME = AppIcon;
				INFOPLIST_FILE = UITableViewControllerDemo/Info.plist;
				LD_RUNPATH_SEARCH_PATHS = "$(inherited) @executable_path/Frameworks";
				PRODUCT_NAME = "$(TARGET_NAME)";
			};
			name = Debug;
		};
		D3777A391A29E6FF00B03885 /* Release */ = {
			isa = XCBuildConfiguration;
			buildSettings = {
				ASSETCATALOG_COMPILER_APPICON_NAME = AppIcon;
				INFOPLIST_FILE = UITableViewControllerDemo/Info.plist;
				LD_RUNPATH_SEARCH_PATHS = "$(inherited) @executable_path/Frameworks";
				PRODUCT_NAME = "$(TARGET_NAME)";
			};
			name = Release;
		};
		D3777A3B1A29E6FF00B03885 /* Debug */ = {
			isa = XCBuildConfiguration;
			buildSettings = {
				BUNDLE_LOADER = "$(TEST_HOST)";
				FRAMEWORK_SEARCH_PATHS = (
					"$(SDKROOT)/Developer/Library/Frameworks",
					"$(inherited)",
				);
				GCC_PREPROCESSOR_DEFINITIONS = (
					"DEBUG=1",
					"$(inherited)",
				);
				INFOPLIST_FILE = UITableViewControllerDemoTests/Info.plist;
				LD_RUNPATH_SEARCH_PATHS = "$(inherited) @executable_path/Frameworks @loader_path/Frameworks";
				PRODUCT_NAME = "$(TARGET_NAME)";
				TEST_HOST = "$(BUILT_PRODUCTS_DIR)/UITableViewControllerDemo.app/UITableViewControllerDemo";
			};
			name = Debug;
		};
		D3777A3C1A29E6FF00B03885 /* Release */ = {
			isa = XCBuildConfiguration;
			buildSettings = {
				BUNDLE_LOADER = "$(TEST_HOST)";
				FRAMEWORK_SEARCH_PATHS = (
					"$(SDKROOT)/Developer/Library/Frameworks",
					"$(inherited)",
				);
				INFOPLIST_FILE = UITableViewControllerDemoTests/Info.plist;
				LD_RUNPATH_SEARCH_PATHS = "$(inherited) @executable_path/Frameworks @loader_path/Frameworks";
				PRODUCT_NAME = "$(TARGET_NAME)";
				TEST_HOST = "$(BUILT_PRODUCTS_DIR)/UITableViewControllerDemo.app/UITableViewControllerDemo";
			};
			name = Release;
		};
/* End XCBuildConfiguration section */

/* Begin XCConfigurationList section */
		D3777A0F1A29E6FF00B03885 /* Build configuration list for PBXProject "UITableViewControllerDemo" */ = {
			isa = XCConfigurationList;
			buildConfigurations = (
				D3777A351A29E6FF00B03885 /* Debug */,
				D3777A361A29E6FF00B03885 /* Release */,
			);
			defaultConfigurationIsVisible = 0;
			defaultConfigurationName = Release;
		};
		D3777A371A29E6FF00B03885 /* Build configuration list for PBXNativeTarget "UITableViewControllerDemo" */ = {
			isa = XCConfigurationList;
			buildConfigurations = (
				D3777A381A29E6FF00B03885 /* Debug */,
				D3777A391A29E6FF00B03885 /* Release */,
			);
			defaultConfigurationIsVisible = 0;
			defaultConfigurationName = Release;
		};
		D3777A3A1A29E6FF00B03885 /* Build configuration list for PBXNativeTarget "UITableViewControllerDemoTests" */ = {
			isa = XCConfigurationList;
			buildConfigurations = (
				D3777A3B1A29E6FF00B03885 /* Debug */,
				D3777A3C1A29E6FF00B03885 /* Release */,
			);
			defaultConfigurationIsVisible = 0;
			defaultConfigurationName = Release;
		};
/* End XCConfigurationList section */
	};
	rootObject = D3777A0C1A29E6FF00B03885 /* Project object */;
}
