// !$*UTF8*$!
{
	archiveVersion = 1;
	classes = {
	};
	objectVersion = 46;
	objects = {

/* Begin PBXBuildFile section */
		D38400A51A14B06600F802EC /* main.m in Sources */ = {isa = PBXBuildFile; fileRef = D38400A41A14B06600F802EC /* main.m */; };
		D38400A81A14B06600F802EC /* AppDelegate.m in Sources */ = {isa = PBXBuildFile; fileRef = D38400A71A14B06600F802EC /* AppDelegate.m */; };
		D38400AB1A14B06600F802EC /* ViewController.m in Sources */ = {isa = PBXBuildFile; fileRef = D38400AA1A14B06600F802EC /* ViewController.m */; };
		D38400AE1A14B06600F802EC /* Main.storyboard in Resources */ = {isa = PBXBuildFile; fileRef = D38400AC1A14B06600F802EC /* Main.storyboard */; };
		D38400B01A14B06600F802EC /* Images.xcassets in Resources */ = {isa = PBXBuildFile; fileRef = D38400AF1A14B06600F802EC /* Images.xcassets */; };
		D38400B31A14B06600F802EC /* LaunchScreen.xib in Resources */ = {isa = PBXBuildFile; fileRef = D38400B11A14B06600F802EC /* LaunchScreen.xib */; };
		D38400BF1A14B06600F802EC /* UINavigationControllerDemoTests.m in Sources */ = {isa = PBXBuildFile; fileRef = D38400BE1A14B06600F802EC /* UINavigationControllerDemoTests.m */; };
		D38401631A15FB1500F802EC /* SecondViewController.m in Sources */ = {isa = PBXBuildFile; fileRef = D38401621A15FB1500F802EC /* SecondViewController.m */; };
/* End PBXBuildFile section */

/* Begin PBXContainerItemProxy section */
		D38400B91A14B06600F802EC /* PBXContainerItemProxy */ = {
			isa = PBXContainerItemProxy;
			containerPortal = D38400971A14B06600F802EC /* Project object */;
			proxyType = 1;
			remoteGlobalIDString = D384009E1A14B06600F802EC;
			remoteInfo = UINavigationControllerDemo;
		};
/* End PBXContainerItemProxy section */

/* Begin PBXFileReference section */
		D384009F1A14B06600F802EC /* UINavigationControllerDemo.app */ = {isa = PBXFileReference; explicitFileType = wrapper.application; includeInIndex = 0; path = UINavigationControllerDemo.app; sourceTree = BUILT_PRODUCTS_DIR; };
		D38400A31A14B06600F802EC /* Info.plist */ = {isa = PBXFileReference; lastKnownFileType = text.plist.xml; path = Info.plist; sourceTree = "<group>"; };
		D38400A41A14B06600F802EC /* main.m */ = {isa = PBXFileReference; lastKnownFileType = sourcecode.c.objc; path = main.m; sourceTree = "<group>"; };
		D38400A61A14B06600F802EC /* AppDelegate.h */ = {isa = PBXFileReference; lastKnownFileType = sourcecode.c.h; path = AppDelegate.h; sourceTree = "<group>"; };
		D38400A71A14B06600F802EC /* AppDelegate.m */ = {isa = PBXFileReference; lastKnownFileType = sourcecode.c.objc; path = AppDelegate.m; sourceTree = "<group>"; };
		D38400A91A14B06600F802EC /* ViewController.h */ = {isa = PBXFileReference; lastKnownFileType = sourcecode.c.h; path = ViewController.h; sourceTree = "<group>"; };
		D38400AA1A14B06600F802EC /* ViewController.m */ = {isa = PBXFileReference; lastKnownFileType = sourcecode.c.objc; path = ViewController.m; sourceTree = "<group>"; };
		D38400AD1A14B06600F802EC /* Base */ = {isa = PBXFileReference; lastKnownFileType = file.storyboard; name = Base; path = Base.lproj/Main.storyboard; sourceTree = "<group>"; };
		D38400AF1A14B06600F802EC /* Images.xcassets */ = {isa = PBXFileReference; lastKnownFileType = folder.assetcatalog; path = Images.xcassets; sourceTree = "<group>"; };
		D38400B21A14B06600F802EC /* Base */ = {isa = PBXFileReference; lastKnownFileType = file.xib; name = Base; path = Base.lproj/LaunchScreen.xib; sourceTree = "<group>"; };
		D38400B81A14B06600F802EC /* UINavigationControllerDemoTests.xctest */ = {isa = PBXFileReference; explicitFileType = wrapper.cfbundle; includeInIndex = 0; path = UINavigationControllerDemoTests.xctest; sourceTree = BUILT_PRODUCTS_DIR; };
		D38400BD1A14B06600F802EC /* Info.plist */ = {isa = PBXFileReference; lastKnownFileType = text.plist.xml; path = Info.plist; sourceTree = "<group>"; };
		D38400BE1A14B06600F802EC /* UINavigationControllerDemoTests.m */ = {isa = PBXFileReference; lastKnownFileType = sourcecode.c.objc; path = UINavigationControllerDemoTests.m; sourceTree = "<group>"; };
		D38401611A15FB1500F802EC /* SecondViewController.h */ = {isa = PBXFileReference; fileEncoding = 4; lastKnownFileType = sourcecode.c.h; path = SecondViewController.h; sourceTree = "<group>"; };
		D38401621A15FB1500F802EC /* SecondViewController.m */ = {isa = PBXFileReference; fileEncoding = 4; lastKnownFileType = sourcecode.c.objc; path = SecondViewController.m; sourceTree = "<group>"; };
/* End PBXFileReference section */

/* Begin PBXFrameworksBuildPhase section */
		D384009C1A14B06600F802EC /* Frameworks */ = {
			isa = PBXFrameworksBuildPhase;
			buildActionMask = 2147483647;
			files = (
			);
			runOnlyForDeploymentPostprocessing = 0;
		};
		D38400B51A14B06600F802EC /* Frameworks */ = {
			isa = PBXFrameworksBuildPhase;
			buildActionMask = 2147483647;
			files = (
			);
			runOnlyForDeploymentPostprocessing = 0;
		};
/* End PBXFrameworksBuildPhase section */

/* Begin PBXGroup section */
		D38400961A14B06600F802EC = {
			isa = PBXGroup;
			children = (
				D38400A11A14B06600F802EC /* UINavigationControllerDemo */,
				D38400BB1A14B06600F802EC /* UINavigationControllerDemoTests */,
				D38400A01A14B06600F802EC /* Products */,
			);
			sourceTree = "<group>";
		};
		D38400A01A14B06600F802EC /* Products */ = {
			isa = PBXGroup;
			children = (
				D384009F1A14B06600F802EC /* UINavigationControllerDemo.app */,
				D38400B81A14B06600F802EC /* UINavigationControllerDemoTests.xctest */,
			);
			name = Products;
			sourceTree = "<group>";
		};
		D38400A11A14B06600F802EC /* UINavigationControllerDemo */ = {
			isa = PBXGroup;
			children = (
				D38400A61A14B06600F802EC /* AppDelegate.h */,
				D38400A71A14B06600F802EC /* AppDelegate.m */,
				D38400A91A14B06600F802EC /* ViewController.h */,
				D38400AA1A14B06600F802EC /* ViewController.m */,
				D38401611A15FB1500F802EC /* SecondViewController.h */,
				D38401621A15FB1500F802EC /* SecondViewController.m */,
				D38400AC1A14B06600F802EC /* Main.storyboard */,
				D38400AF1A14B06600F802EC /* Images.xcassets */,
				D38400B11A14B06600F802EC /* LaunchScreen.xib */,
				D38400A21A14B06600F802EC /* Supporting Files */,
			);
			path = UINavigationControllerDemo;
			sourceTree = "<group>";
		};
		D38400A21A14B06600F802EC /* Supporting Files */ = {
			isa = PBXGroup;
			children = (
				D38400A31A14B06600F802EC /* Info.plist */,
				D38400A41A14B06600F802EC /* main.m */,
			);
			name = "Supporting Files";
			sourceTree = "<group>";
		};
		D38400BB1A14B06600F802EC /* UINavigationControllerDemoTests */ = {
			isa = PBXGroup;
			children = (
				D38400BE1A14B06600F802EC /* UINavigationControllerDemoTests.m */,
				D38400BC1A14B06600F802EC /* Supporting Files */,
			);
			path = UINavigationControllerDemoTests;
			sourceTree = "<group>";
		};
		D38400BC1A14B06600F802EC /* Supporting Files */ = {
			isa = PBXGroup;
			children = (
				D38400BD1A14B06600F802EC /* Info.plist */,
			);
			name = "Supporting Files";
			sourceTree = "<group>";
		};
/* End PBXGroup section */

/* Begin PBXNativeTarget section */
		D384009E1A14B06600F802EC /* UINavigationControllerDemo */ = {
			isa = PBXNativeTarget;
			buildConfigurationList = D38400C21A14B06600F802EC /* Build configuration list for PBXNativeTarget "UINavigationControllerDemo" */;
			buildPhases = (
				D384009B1A14B06600F802EC /* Sources */,
				D384009C1A14B06600F802EC /* Frameworks */,
				D384009D1A14B06600F802EC /* Resources */,
			);
			buildRules = (
			);
			dependencies = (
			);
			name = UINavigationControllerDemo;
			productName = UINavigationControllerDemo;
			productReference = D384009F1A14B06600F802EC /* UINavigationControllerDemo.app */;
			productType = "com.apple.product-type.application";
		};
		D38400B71A14B06600F802EC /* UINavigationControllerDemoTests */ = {
			isa = PBXNativeTarget;
			buildConfigurationList = D38400C51A14B06600F802EC /* Build configuration list for PBXNativeTarget "UINavigationControllerDemoTests" */;
			buildPhases = (
				D38400B41A14B06600F802EC /* Sources */,
				D38400B51A14B06600F802EC /* Frameworks */,
				D38400B61A14B06600F802EC /* Resources */,
			);
			buildRules = (
			);
			dependencies = (
				D38400BA1A14B06600F802EC /* PBXTargetDependency */,
			);
			name = UINavigationControllerDemoTests;
			productName = UINavigationControllerDemoTests;
			productReference = D38400B81A14B06600F802EC /* UINavigationControllerDemoTests.xctest */;
			productType = "com.apple.product-type.bundle.unit-test";
		};
/* End PBXNativeTarget section */

/* Begin PBXProject section */
		D38400971A14B06600F802EC /* Project object */ = {
			isa = PBXProject;
			attributes = {
				LastUpgradeCheck = 0610;
				ORGANIZATIONNAME = xidanjueying;
				TargetAttributes = {
					D384009E1A14B06600F802EC = {
						CreatedOnToolsVersion = 6.1;
					};
					D38400B71A14B06600F802EC = {
						CreatedOnToolsVersion = 6.1;
						TestTargetID = D384009E1A14B06600F802EC;
					};
				};
			};
			buildConfigurationList = D384009A1A14B06600F802EC /* Build configuration list for PBXProject "UINavigationControllerDemo" */;
			compatibilityVersion = "Xcode 3.2";
			developmentRegion = English;
			hasScannedForEncodings = 0;
			knownRegions = (
				en,
				Base,
			);
			mainGroup = D38400961A14B06600F802EC;
			productRefGroup = D38400A01A14B06600F802EC /* Products */;
			projectDirPath = "";
			projectRoot = "";
			targets = (
				D384009E1A14B06600F802EC /* UINavigationControllerDemo */,
				D38400B71A14B06600F802EC /* UINavigationControllerDemoTests */,
			);
		};
/* End PBXProject section */

/* Begin PBXResourcesBuildPhase section */
		D384009D1A14B06600F802EC /* Resources */ = {
			isa = PBXResourcesBuildPhase;
			buildActionMask = 2147483647;
			files = (
				D38400AE1A14B06600F802EC /* Main.storyboard in Resources */,
				D38400B31A14B06600F802EC /* LaunchScreen.xib in Resources */,
				D38400B01A14B06600F802EC /* Images.xcassets in Resources */,
			);
			runOnlyForDeploymentPostprocessing = 0;
		};
		D38400B61A14B06600F802EC /* Resources */ = {
			isa = PBXResourcesBuildPhase;
			buildActionMask = 2147483647;
			files = (
			);
			runOnlyForDeploymentPostprocessing = 0;
		};
/* End PBXResourcesBuildPhase section */

/* Begin PBXSourcesBuildPhase section */
		D384009B1A14B06600F802EC /* Sources */ = {
			isa = PBXSourcesBuildPhase;
			buildActionMask = 2147483647;
			files = (
				D38401631A15FB1500F802EC /* SecondViewController.m in Sources */,
				D38400AB1A14B06600F802EC /* ViewController.m in Sources */,
				D38400A81A14B06600F802EC /* AppDelegate.m in Sources */,
				D38400A51A14B06600F802EC /* main.m in Sources */,
			);
			runOnlyForDeploymentPostprocessing = 0;
		};
		D38400B41A14B06600F802EC /* Sources */ = {
			isa = PBXSourcesBuildPhase;
			buildActionMask = 2147483647;
			files = (
				D38400BF1A14B06600F802EC /* UINavigationControllerDemoTests.m in Sources */,
			);
			runOnlyForDeploymentPostprocessing = 0;
		};
/* End PBXSourcesBuildPhase section */

/* Begin PBXTargetDependency section */
		D38400BA1A14B06600F802EC /* PBXTargetDependency */ = {
			isa = PBXTargetDependency;
			target = D384009E1A14B06600F802EC /* UINavigationControllerDemo */;
			targetProxy = D38400B91A14B06600F802EC /* PBXContainerItemProxy */;
		};
/* End PBXTargetDependency section */

/* Begin PBXVariantGroup section */
		D38400AC1A14B06600F802EC /* Main.storyboard */ = {
			isa = PBXVariantGroup;
			children = (
				D38400AD1A14B06600F802EC /* Base */,
			);
			name = Main.storyboard;
			sourceTree = "<group>";
		};
		D38400B11A14B06600F802EC /* LaunchScreen.xib */ = {
			isa = PBXVariantGroup;
			children = (
				D38400B21A14B06600F802EC /* Base */,
			);
			name = LaunchScreen.xib;
			sourceTree = "<group>";
		};
/* End PBXVariantGroup section */

/* Begin XCBuildConfiguration section */
		D38400C01A14B06600F802EC /* Debug */ = {
			isa = XCBuildConfiguration;
			buildSettings = {
				ALWAYS_SEARCH_USER_PATHS = NO;
				CLANG_CXX_LANGUAGE_STANDARD = "gnu++0x";
				CLANG_CXX_LIBRARY = "libc++";
				CLANG_ENABLE_MODULES = YES;
				CLANG_ENABLE_OBJC_ARC = YES;
				CLANG_WARN_BOOL_CONVERSION = YES;
				CLANG_WARN_CONSTANT_CONVERSION = YES;
				CLANG_WARN_DIRECT_OBJC_ISA_USAGE = YES_ERROR;
				CLANG_WARN_EMPTY_BODY = YES;
				CLANG_WARN_ENUM_CONVERSION = YES;
				CLANG_WARN_INT_CONVERSION = YES;
				CLANG_WARN_OBJC_ROOT_CLASS = YES_ERROR;
				CLANG_WARN_UNREACHABLE_CODE = YES;
				CLANG_WARN__DUPLICATE_METHOD_MATCH = YES;
				"CODE_SIGN_IDENTITY[sdk=iphoneos*]" = "iPhone Developer";
				COPY_PHASE_STRIP = NO;
				ENABLE_STRICT_OBJC_MSGSEND = YES;
				GCC_C_LANGUAGE_STANDARD = gnu99;
				GCC_DYNAMIC_NO_PIC = NO;
				GCC_OPTIMIZATION_LEVEL = 0;
				GCC_PREPROCESSOR_DEFINITIONS = (
					"DEBUG=1",
					"$(inherited)",
				);
				GCC_SYMBOLS_PRIVATE_EXTERN = NO;
				GCC_WARN_64_TO_32_BIT_CONVERSION = YES;
				GCC_WARN_ABOUT_RETURN_TYPE = YES_ERROR;
				GCC_WARN_UNDECLARED_SELECTOR = YES;
				GCC_WARN_UNINITIALIZED_AUTOS = YES_AGGRESSIVE;
				GCC_WARN_UNUSED_FUNCTION = YES;
				GCC_WARN_UNUSED_VARIABLE = YES;
				IPHONEOS_DEPLOYMENT_TARGET = 8.1;
				MTL_ENABLE_DEBUG_INFO = YES;
				ONLY_ACTIVE_ARCH = YES;
				SDKROOT = iphoneos;
			};
			name = Debug;
		};
		D38400C11A14B06600F802EC /* Release */ = {
			isa = XCBuildConfiguration;
			buildSettings = {
				ALWAYS_SEARCH_USER_PATHS = NO;
				CLANG_CXX_LANGUAGE_STANDARD = "gnu++0x";
				CLANG_CXX_LIBRARY = "libc++";
				CLANG_ENABLE_MODULES = YES;
				CLANG_ENABLE_OBJC_ARC = YES;
				CLANG_WARN_BOOL_CONVERSION = YES;
				CLANG_WARN_CONSTANT_CONVERSION = YES;
				CLANG_WARN_DIRECT_OBJC_ISA_USAGE = YES_ERROR;
				CLANG_WARN_EMPTY_BODY = YES;
				CLANG_WARN_ENUM_CONVERSION = YES;
				CLANG_WARN_INT_CONVERSION = YES;
				CLANG_WARN_OBJC_ROOT_CLASS = YES_ERROR;
				CLANG_WARN_UNREACHABLE_CODE = YES;
				CLANG_WARN__DUPLICATE_METHOD_MATCH = YES;
				"CODE_SIGN_IDENTITY[sdk=iphoneos*]" = "iPhone Developer";
				COPY_PHASE_STRIP = YES;
				ENABLE_NS_ASSERTIONS = NO;
				ENABLE_STRICT_OBJC_MSGSEND = YES;
				GCC_C_LANGUAGE_STANDARD = gnu99;
				GCC_WARN_64_TO_32_BIT_CONVERSION = YES;
				GCC_WARN_ABOUT_RETURN_TYPE = YES_ERROR;
				GCC_WARN_UNDECLARED_SELECTOR = YES;
				GCC_WARN_UNINITIALIZED_AUTOS = YES_AGGRESSIVE;
				GCC_WARN_UNUSED_FUNCTION = YES;
				GCC_WARN_UNUSED_VARIABLE = YES;
				IPHONEOS_DEPLOYMENT_TARGET = 8.1;
				MTL_ENABLE_DEBUG_INFO = NO;
				SDKROOT = iphoneos;
				VALIDATE_PRODUCT = YES;
			};
			name = Release;
		};
		D38400C31A14B06600F802EC /* Debug */ = {
			isa = XCBuildConfiguration;
			buildSettings = {
				ASSETCATALOG_COMPILER_APPICON_NAME = AppIcon;
				INFOPLIST_FILE = UINavigationControllerDemo/Info.plist;
				IPHONEOS_DEPLOYMENT_TARGET = 8.1;
				LD_RUNPATH_SEARCH_PATHS = "$(inherited) @executable_path/Frameworks";
				PRODUCT_NAME = "$(TARGET_NAME)";
			};
			name = Debug;
		};
		D38400C41A14B06600F802EC /* Release */ = {
			isa = XCBuildConfiguration;
			buildSettings = {
				ASSETCATALOG_COMPILER_APPICON_NAME = AppIcon;
				INFOPLIST_FILE = UINavigationControllerDemo/Info.plist;
				IPHONEOS_DEPLOYMENT_TARGET = 8.1;
				LD_RUNPATH_SEARCH_PATHS = "$(inherited) @executable_path/Frameworks";
				PRODUCT_NAME = "$(TARGET_NAME)";
			};
			name = Release;
		};
		D38400C61A14B06600F802EC /* Debug */ = {
			isa = XCBuildConfiguration;
			buildSettings = {
				BUNDLE_LOADER = "$(TEST_HOST)";
				FRAMEWORK_SEARCH_PATHS = (
					"$(SDKROOT)/Developer/Library/Frameworks",
					"$(inherited)",
				);
				GCC_PREPROCESSOR_DEFINITIONS = (
					"DEBUG=1",
					"$(inherited)",
				);
				INFOPLIST_FILE = UINavigationControllerDemoTests/Info.plist;
				LD_RUNPATH_SEARCH_PATHS = "$(inherited) @executable_path/Frameworks @loader_path/Frameworks";
				PRODUCT_NAME = "$(TARGET_NAME)";
				TEST_HOST = "$(BUILT_PRODUCTS_DIR)/UINavigationControllerDemo.app/UINavigationControllerDemo";
			};
			name = Debug;
		};
		D38400C71A14B06600F802EC /* Release */ = {
			isa = XCBuildConfiguration;
			buildSettings = {
				BUNDLE_LOADER = "$(TEST_HOST)";
				FRAMEWORK_SEARCH_PATHS = (
					"$(SDKROOT)/Developer/Library/Frameworks",
					"$(inherited)",
				);
				INFOPLIST_FILE = UINavigationControllerDemoTests/Info.plist;
				LD_RUNPATH_SEARCH_PATHS = "$(inherited) @executable_path/Frameworks @loader_path/Frameworks";
				PRODUCT_NAME = "$(TARGET_NAME)";
				TEST_HOST = "$(BUILT_PRODUCTS_DIR)/UINavigationControllerDemo.app/UINavigationControllerDemo";
			};
			name = Release;
		};
/* End XCBuildConfiguration section */

/* Begin XCConfigurationList section */
		D384009A1A14B06600F802EC /* Build configuration list for PBXProject "UINavigationControllerDemo" */ = {
			isa = XCConfigurationList;
			buildConfigurations = (
				D38400C01A14B06600F802EC /* Debug */,
				D38400C11A14B06600F802EC /* Release */,
			);
			defaultConfigurationIsVisible = 0;
			defaultConfigurationName = Release;
		};
		D38400C21A14B06600F802EC /* Build configuration list for PBXNativeTarget "UINavigationControllerDemo" */ = {
			isa = XCConfigurationList;
			buildConfigurations = (
				D38400C31A14B06600F802EC /* Debug */,
				D38400C41A14B06600F802EC /* Release */,
			);
			defaultConfigurationIsVisible = 0;
			defaultConfigurationName = Release;
		};
		D38400C51A14B06600F802EC /* Build configuration list for PBXNativeTarget "UINavigationControllerDemoTests" */ = {
			isa = XCConfigurationList;
			buildConfigurations = (
				D38400C61A14B06600F802EC /* Debug */,
				D38400C71A14B06600F802EC /* Release */,
			);
			defaultConfigurationIsVisible = 0;
			defaultConfigurationName = Release;
		};
/* End XCConfigurationList section */
	};
	rootObject = D38400971A14B06600F802EC /* Project object */;
}
